// !$*UTF8*$!
{
	archiveVersion = 1;
	classes = {
	};
	objectVersion = 50;
	objects = {

/* Begin PBXBuildFile section */
		3E6400E222AFDEF70041260D /* MODL_Interpreter.framework in Frameworks */ = {isa = PBXBuildFile; fileRef = 3E6400D922AFDEF70041260D /* MODL_Interpreter.framework */; };
		3E6400E922AFDEF70041260D /* InterpreterTests.swift in Sources */ = {isa = PBXBuildFile; fileRef = 3E6400E822AFDEF70041260D /* InterpreterTests.swift */; };
		3E6400EB22AFDEF70041260D /* Interpreter.h in Headers */ = {isa = PBXBuildFile; fileRef = 3E6400DB22AFDEF70041260D /* Interpreter.h */; settings = {ATTRIBUTES = (Public, ); }; };
		3E6400FA22AFDF1D0041260D /* ModlObjectProtocols.swift in Sources */ = {isa = PBXBuildFile; fileRef = 3E63157D2285D8DB008BDC14 /* ModlObjectProtocols.swift */; };
		3E6400FB22AFDF1D0041260D /* Interpreter.swift in Sources */ = {isa = PBXBuildFile; fileRef = 3E5ABB712267459E007419CC /* Interpreter.swift */; };
		3E6400FC22AFDF530041260D /* LoadTests.swift in Sources */ = {isa = PBXBuildFile; fileRef = 3E2BECD122A95C9000FC1303 /* LoadTests.swift */; };
		3E6400FD22AFDF530041260D /* AdvancedTests.swift in Sources */ = {isa = PBXBuildFile; fileRef = 3E63157022847E04008BDC14 /* AdvancedTests.swift */; };
		3E6400FE22AFDF530041260D /* LongInputTests.swift in Sources */ = {isa = PBXBuildFile; fileRef = 3E6315692282D980008BDC14 /* LongInputTests.swift */; };
		3E64010022AFDF530041260D /* FileLoaderTests.swift in Sources */ = {isa = PBXBuildFile; fileRef = 3E2BECCD22A9321B00FC1303 /* FileLoaderTests.swift */; };
		3E64010122AFDF530041260D /* BasicTests.swift in Sources */ = {isa = PBXBuildFile; fileRef = 3E63155822819F31008BDC14 /* BasicTests.swift */; };
		3E64010222AFE0EA0041260D /* ModlListenerObject.swift in Sources */ = {isa = PBXBuildFile; fileRef = 3E5ABB7D226745FB007419CC /* ModlListenerObject.swift */; };
		3E64010322AFE0EC0041260D /* ModlListener.swift in Sources */ = {isa = PBXBuildFile; fileRef = 3E5ABB6422674513007419CC /* ModlListener.swift */; };
		3E64010422AFE0F00041260D /* StringExtensions.swift in Sources */ = {isa = PBXBuildFile; fileRef = 3E3C29A02296BD45007D555C /* StringExtensions.swift */; };
		3E64010522AFE1050041260D /* ModlObjectCreator.swift in Sources */ = {isa = PBXBuildFile; fileRef = 3E6315782285C59B008BDC14 /* ModlObjectCreator.swift */; };
		3E64010622AFE1050041260D /* ModlOutputObject.swift in Sources */ = {isa = PBXBuildFile; fileRef = 3E63157B2285C639008BDC14 /* ModlOutputObject.swift */; };
		3E64010722AFE1090041260D /* ModlClassManager.swift in Sources */ = {isa = PBXBuildFile; fileRef = 3E6315752284875F008BDC14 /* ModlClassManager.swift */; };
		3E64010822AFE1090041260D /* ModlObjectReferenceManager.swift in Sources */ = {isa = PBXBuildFile; fileRef = 3E3896E7228C1B39005533B9 /* ModlObjectReferenceManager.swift */; };
		3E64010922AFE1090041260D /* FileLoader.swift in Sources */ = {isa = PBXBuildFile; fileRef = 3E2BECCB22A92AC500FC1303 /* FileLoader.swift */; };
		3E64010A22AFE1090041260D /* MethodManager.swift in Sources */ = {isa = PBXBuildFile; fileRef = 3EF9718922AA78C70000B220 /* MethodManager.swift */; };
		3E64010B22AFE10C0041260D /* StringTransformer.swift in Sources */ = {isa = PBXBuildFile; fileRef = 3E3896E02289BECD005533B9 /* StringTransformer.swift */; };
		3E64010C22AFE10C0041260D /* StringEscapeReplacer.swift in Sources */ = {isa = PBXBuildFile; fileRef = 3E7B4AA9228ADC9900C54CCF /* StringEscapeReplacer.swift */; };
		3E64011622AFE23D0041260D /* Antlr4.framework in Frameworks */ = {isa = PBXBuildFile; fileRef = 3E7743B92267479D006AA9AF /* Antlr4.framework */; };
		3E64011722AFE25A0041260D /* MODLLexer.swift in Sources */ = {isa = PBXBuildFile; fileRef = 3E7743C522674865006AA9AF /* MODLLexer.swift */; };
		3E64011822AFE25F0041260D /* MODLLexer.interp in Resources */ = {isa = PBXBuildFile; fileRef = 3E7743C622674865006AA9AF /* MODLLexer.interp */; };
		3E64011922AFE25F0041260D /* MODLLexer.tokens in Resources */ = {isa = PBXBuildFile; fileRef = 3E7743C722674865006AA9AF /* MODLLexer.tokens */; };
		3E64011A22AFE25F0041260D /* MODLLexerATN.swift in Sources */ = {isa = PBXBuildFile; fileRef = 3E7743C222674865006AA9AF /* MODLLexerATN.swift */; };
		3E64011B22AFE25F0041260D /* MODLParser.interp in Resources */ = {isa = PBXBuildFile; fileRef = 3E7743C022674865006AA9AF /* MODLParser.interp */; };
		3E64011C22AFE25F0041260D /* MODLParser.swift in Sources */ = {isa = PBXBuildFile; fileRef = 3E7743C322674865006AA9AF /* MODLParser.swift */; };
		3E64011D22AFE25F0041260D /* MODLParser.tokens in Resources */ = {isa = PBXBuildFile; fileRef = 3E7743C822674865006AA9AF /* MODLParser.tokens */; };
		3E64011E22AFE25F0041260D /* MODLParserBaseListener.swift in Sources */ = {isa = PBXBuildFile; fileRef = 3E7743C422674865006AA9AF /* MODLParserBaseListener.swift */; };
		3E64011F22AFE25F0041260D /* MODLParserListener.swift in Sources */ = {isa = PBXBuildFile; fileRef = 3E7743C122674865006AA9AF /* MODLParserListener.swift */; };
		3E64012022AFE25F0041260D /* MODLParserParserATN.swift in Sources */ = {isa = PBXBuildFile; fileRef = 3E7743C922674865006AA9AF /* MODLParserParserATN.swift */; };
		3E64012122AFE2F40041260D /* MODLTest.swift in Sources */ = {isa = PBXBuildFile; fileRef = 3E63155A22819F62008BDC14 /* MODLTest.swift */; };
		3E64012222AFE2F40041260D /* TestFileLoader.swift in Sources */ = {isa = PBXBuildFile; fileRef = 3E2BECCF22A95BDC00FC1303 /* TestFileLoader.swift */; };
		3E64012322AFE2FF0041260D /* 3.modl in Resources */ = {isa = PBXBuildFile; fileRef = 3E63153222816FCD008BDC14 /* 3.modl */; };
		3E64012422AFE2FF0041260D /* 2.modl in Resources */ = {isa = PBXBuildFile; fileRef = 3E63153322816FCD008BDC14 /* 2.modl */; };
		3E64012522AFE2FF0041260D /* b.modl in Resources */ = {isa = PBXBuildFile; fileRef = 3E63153622816FCD008BDC14 /* b.modl */; };
		3E64012622AFE2FF0041260D /* c.modl in Resources */ = {isa = PBXBuildFile; fileRef = 3E63153722816FCD008BDC14 /* c.modl */; };
		3E64012722AFE2FF0041260D /* import_config.modl in Resources */ = {isa = PBXBuildFile; fileRef = 3E63153822816FCD008BDC14 /* import_config.modl */; };
		3E64012822AFE2FF0041260D /* a.modl in Resources */ = {isa = PBXBuildFile; fileRef = 3E63153922816FCD008BDC14 /* a.modl */; };
		3E64012922AFE2FF0041260D /* demo_config.modl in Resources */ = {isa = PBXBuildFile; fileRef = 3E63153A22816FCD008BDC14 /* demo_config.modl */; };
		3E64012A22AFE2FF0041260D /* base_tests.json in Resources */ = {isa = PBXBuildFile; fileRef = 3E63153B22816FCD008BDC14 /* base_tests.json */; };
		3E64012B22AFE2FF0041260D /* error_tests.json in Resources */ = {isa = PBXBuildFile; fileRef = 3E63153C22816FCD008BDC14 /* error_tests.json */; };
		3E64012C22AFE2FF0041260D /* 1.modl in Resources */ = {isa = PBXBuildFile; fileRef = 3E63153D22816FCD008BDC14 /* 1.modl */; };
		3E64012D22AFE3030041260D /* nested_import1.txt in Resources */ = {isa = PBXBuildFile; fileRef = 3E2BECD422A9703C00FC1303 /* nested_import1.txt */; };
		3E64012E22AFE3030041260D /* nested_import2.txt in Resources */ = {isa = PBXBuildFile; fileRef = 3E2BECD522A9703C00FC1303 /* nested_import2.txt */; };
		3E64012F22AFE3030041260D /* nested_import3.txt in Resources */ = {isa = PBXBuildFile; fileRef = 3E2BECD322A9703C00FC1303 /* nested_import3.txt */; };
		3E64013022AFE3030041260D /* test_import.txt in Resources */ = {isa = PBXBuildFile; fileRef = 3E63153522816FCD008BDC14 /* test_import.txt */; };
		3E723ADA22B115C600FACCAA /* Punycode.framework in Frameworks */ = {isa = PBXBuildFile; fileRef = 3E723AC922B1156600FACCAA /* Punycode.framework */; };
/* End PBXBuildFile section */

/* Begin PBXContainerItemProxy section */
		3E6400E322AFDEF70041260D /* PBXContainerItemProxy */ = {
			isa = PBXContainerItemProxy;
			containerPortal = 3EFABA3A226737760029EACC /* Project object */;
			proxyType = 1;
			remoteGlobalIDString = 3E6400D822AFDEF70041260D;
			remoteInfo = Interpreter;
		};
		3E64011022AFE2350041260D /* PBXContainerItemProxy */ = {
			isa = PBXContainerItemProxy;
			containerPortal = 3E5ABB6622674541007419CC /* Antlr4.xcodeproj */;
			proxyType = 1;
			remoteGlobalIDString = "Antlr4::Antlr4";
			remoteInfo = Antlr4;
		};
		3E723AC822B1156600FACCAA /* PBXContainerItemProxy */ = {
			isa = PBXContainerItemProxy;
			containerPortal = 3E723ABC22B1156600FACCAA /* Punycode.xcodeproj */;
			proxyType = 2;
			remoteGlobalIDString = A7A0ECDD219EB279004FBE05;
			remoteInfo = "Punycode-iOS";
		};
		3E723ACA22B1156600FACCAA /* PBXContainerItemProxy */ = {
			isa = PBXContainerItemProxy;
			containerPortal = 3E723ABC22B1156600FACCAA /* Punycode.xcodeproj */;
			proxyType = 2;
			remoteGlobalIDString = A7A0ECE6219EB279004FBE05;
			remoteInfo = "Punycode-iOSTests";
		};
		3E723ACC22B1156600FACCAA /* PBXContainerItemProxy */ = {
			isa = PBXContainerItemProxy;
			containerPortal = 3E723ABC22B1156600FACCAA /* Punycode.xcodeproj */;
			proxyType = 2;
			remoteGlobalIDString = A7A0ED14219EB6C8004FBE05;
			remoteInfo = "Punycode-macOS";
		};
		3E723ACE22B1156600FACCAA /* PBXContainerItemProxy */ = {
			isa = PBXContainerItemProxy;
			containerPortal = 3E723ABC22B1156600FACCAA /* Punycode.xcodeproj */;
			proxyType = 2;
			remoteGlobalIDString = A7A0ED1C219EB6C9004FBE05;
			remoteInfo = "Punycode-macOSTests";
		};
		3E723AD022B1156600FACCAA /* PBXContainerItemProxy */ = {
			isa = PBXContainerItemProxy;
			containerPortal = 3E723ABC22B1156600FACCAA /* Punycode.xcodeproj */;
			proxyType = 2;
			remoteGlobalIDString = A7A0ED42219EC3E3004FBE05;
			remoteInfo = "Punycode-tvOS";
		};
		3E723AD222B1156600FACCAA /* PBXContainerItemProxy */ = {
			isa = PBXContainerItemProxy;
			containerPortal = 3E723ABC22B1156600FACCAA /* Punycode.xcodeproj */;
			proxyType = 2;
			remoteGlobalIDString = A7A0ED4A219EC3E3004FBE05;
			remoteInfo = "Punycode-tvOSTests";
		};
		3E7743B82267479D006AA9AF /* PBXContainerItemProxy */ = {
			isa = PBXContainerItemProxy;
			containerPortal = 3E5ABB6622674541007419CC /* Antlr4.xcodeproj */;
			proxyType = 2;
			remoteGlobalIDString = "Antlr4::Antlr4::Product";
			remoteInfo = Antlr4;
		};
		3E7743BA2267479D006AA9AF /* PBXContainerItemProxy */ = {
			isa = PBXContainerItemProxy;
			containerPortal = 3E5ABB6622674541007419CC /* Antlr4.xcodeproj */;
			proxyType = 2;
			remoteGlobalIDString = "Antlr4::Antlr4Tests::Product";
			remoteInfo = Antlr4Tests;
		};
/* End PBXContainerItemProxy section */

/* Begin PBXFileReference section */
		04D4DD2FDF4AF497503C6E33 /* Pods_MODL_SwiftTests.framework */ = {isa = PBXFileReference; explicitFileType = wrapper.framework; includeInIndex = 0; path = Pods_MODL_SwiftTests.framework; sourceTree = BUILT_PRODUCTS_DIR; };
		3E2BECCB22A92AC500FC1303 /* FileLoader.swift */ = {isa = PBXFileReference; lastKnownFileType = sourcecode.swift; path = FileLoader.swift; sourceTree = "<group>"; };
		3E2BECCD22A9321B00FC1303 /* FileLoaderTests.swift */ = {isa = PBXFileReference; lastKnownFileType = sourcecode.swift; path = FileLoaderTests.swift; sourceTree = "<group>"; };
		3E2BECCF22A95BDC00FC1303 /* TestFileLoader.swift */ = {isa = PBXFileReference; lastKnownFileType = sourcecode.swift; path = TestFileLoader.swift; sourceTree = "<group>"; };
		3E2BECD122A95C9000FC1303 /* LoadTests.swift */ = {isa = PBXFileReference; lastKnownFileType = sourcecode.swift; path = LoadTests.swift; sourceTree = "<group>"; };
		3E2BECD322A9703C00FC1303 /* nested_import3.txt */ = {isa = PBXFileReference; fileEncoding = 4; lastKnownFileType = text; path = nested_import3.txt; sourceTree = "<group>"; };
		3E2BECD422A9703C00FC1303 /* nested_import1.txt */ = {isa = PBXFileReference; fileEncoding = 4; lastKnownFileType = text; path = nested_import1.txt; sourceTree = "<group>"; };
		3E2BECD522A9703C00FC1303 /* nested_import2.txt */ = {isa = PBXFileReference; fileEncoding = 4; lastKnownFileType = text; path = nested_import2.txt; sourceTree = "<group>"; };
		3E3896D322830D62005533B9 /* conditional.json */ = {isa = PBXFileReference; fileEncoding = 4; lastKnownFileType = text.json; path = conditional.json; sourceTree = "<group>"; };
		3E3896D422830D62005533B9 /* misc.json */ = {isa = PBXFileReference; fileEncoding = 4; lastKnownFileType = text.json; path = misc.json; sourceTree = "<group>"; };
		3E3896D522830D62005533B9 /* replacement.json */ = {isa = PBXFileReference; fileEncoding = 4; lastKnownFileType = text.json; path = replacement.json; sourceTree = "<group>"; };
		3E3896D622830D62005533B9 /* class.json */ = {isa = PBXFileReference; fileEncoding = 4; lastKnownFileType = text.json; path = class.json; sourceTree = "<group>"; };
		3E3896D722830D62005533B9 /* methods.json */ = {isa = PBXFileReference; fileEncoding = 4; lastKnownFileType = text.json; path = methods.json; sourceTree = "<group>"; };
		3E3896D822830D62005533B9 /* basic.json */ = {isa = PBXFileReference; fileEncoding = 4; lastKnownFileType = text.json; path = basic.json; sourceTree = "<group>"; };
		3E3896E02289BECD005533B9 /* StringTransformer.swift */ = {isa = PBXFileReference; lastKnownFileType = sourcecode.swift; path = StringTransformer.swift; sourceTree = "<group>"; };
		3E3896E7228C1B39005533B9 /* ModlObjectReferenceManager.swift */ = {isa = PBXFileReference; lastKnownFileType = sourcecode.swift; path = ModlObjectReferenceManager.swift; sourceTree = "<group>"; };
		3E3C29A02296BD45007D555C /* StringExtensions.swift */ = {isa = PBXFileReference; lastKnownFileType = sourcecode.swift; path = StringExtensions.swift; sourceTree = "<group>"; };
		3E5ABB6422674513007419CC /* ModlListener.swift */ = {isa = PBXFileReference; lastKnownFileType = sourcecode.swift; path = ModlListener.swift; sourceTree = "<group>"; };
		3E5ABB6622674541007419CC /* Antlr4.xcodeproj */ = {isa = PBXFileReference; lastKnownFileType = "wrapper.pb-project"; name = Antlr4.xcodeproj; path = ../antlr/Antlr4.xcodeproj; sourceTree = "<group>"; };
		3E5ABB712267459E007419CC /* Interpreter.swift */ = {isa = PBXFileReference; lastKnownFileType = sourcecode.swift; path = Interpreter.swift; sourceTree = "<group>"; };
		3E5ABB7D226745FB007419CC /* ModlListenerObject.swift */ = {isa = PBXFileReference; lastKnownFileType = sourcecode.swift; path = ModlListenerObject.swift; sourceTree = "<group>"; };
		3E63153222816FCD008BDC14 /* 3.modl */ = {isa = PBXFileReference; fileEncoding = 4; lastKnownFileType = text; path = 3.modl; sourceTree = "<group>"; };
		3E63153322816FCD008BDC14 /* 2.modl */ = {isa = PBXFileReference; fileEncoding = 4; lastKnownFileType = text; path = 2.modl; sourceTree = "<group>"; };
		3E63153522816FCD008BDC14 /* test_import.txt */ = {isa = PBXFileReference; fileEncoding = 4; lastKnownFileType = text; path = test_import.txt; sourceTree = "<group>"; };
		3E63153622816FCD008BDC14 /* b.modl */ = {isa = PBXFileReference; fileEncoding = 4; lastKnownFileType = text; path = b.modl; sourceTree = "<group>"; };
		3E63153722816FCD008BDC14 /* c.modl */ = {isa = PBXFileReference; fileEncoding = 4; lastKnownFileType = text; path = c.modl; sourceTree = "<group>"; };
		3E63153822816FCD008BDC14 /* import_config.modl */ = {isa = PBXFileReference; fileEncoding = 4; lastKnownFileType = text; path = import_config.modl; sourceTree = "<group>"; };
		3E63153922816FCD008BDC14 /* a.modl */ = {isa = PBXFileReference; fileEncoding = 4; lastKnownFileType = text; path = a.modl; sourceTree = "<group>"; };
		3E63153A22816FCD008BDC14 /* demo_config.modl */ = {isa = PBXFileReference; fileEncoding = 4; lastKnownFileType = text; path = demo_config.modl; sourceTree = "<group>"; };
		3E63153B22816FCD008BDC14 /* base_tests.json */ = {isa = PBXFileReference; fileEncoding = 4; lastKnownFileType = text.json; path = base_tests.json; sourceTree = "<group>"; };
		3E63153C22816FCD008BDC14 /* error_tests.json */ = {isa = PBXFileReference; fileEncoding = 4; lastKnownFileType = text.json; path = error_tests.json; sourceTree = "<group>"; };
		3E63153D22816FCD008BDC14 /* 1.modl */ = {isa = PBXFileReference; fileEncoding = 4; lastKnownFileType = text; path = 1.modl; sourceTree = "<group>"; };
		3E63155822819F31008BDC14 /* BasicTests.swift */ = {isa = PBXFileReference; lastKnownFileType = sourcecode.swift; path = BasicTests.swift; sourceTree = "<group>"; };
		3E63155A22819F62008BDC14 /* MODLTest.swift */ = {isa = PBXFileReference; lastKnownFileType = sourcecode.swift; path = MODLTest.swift; sourceTree = "<group>"; };
		3E6315692282D980008BDC14 /* LongInputTests.swift */ = {isa = PBXFileReference; lastKnownFileType = sourcecode.swift; path = LongInputTests.swift; sourceTree = "<group>"; };
		3E63157022847E04008BDC14 /* AdvancedTests.swift */ = {isa = PBXFileReference; lastKnownFileType = sourcecode.swift; path = AdvancedTests.swift; sourceTree = "<group>"; };
		3E6315752284875F008BDC14 /* ModlClassManager.swift */ = {isa = PBXFileReference; lastKnownFileType = sourcecode.swift; path = ModlClassManager.swift; sourceTree = "<group>"; };
		3E6315782285C59B008BDC14 /* ModlObjectCreator.swift */ = {isa = PBXFileReference; lastKnownFileType = sourcecode.swift; path = ModlObjectCreator.swift; sourceTree = "<group>"; };
		3E63157B2285C639008BDC14 /* ModlOutputObject.swift */ = {isa = PBXFileReference; lastKnownFileType = sourcecode.swift; path = ModlOutputObject.swift; sourceTree = "<group>"; };
		3E63157D2285D8DB008BDC14 /* ModlObjectProtocols.swift */ = {isa = PBXFileReference; lastKnownFileType = sourcecode.swift; path = ModlObjectProtocols.swift; sourceTree = "<group>"; };
		3E6400D922AFDEF70041260D /* MODL_Interpreter.framework */ = {isa = PBXFileReference; explicitFileType = wrapper.framework; includeInIndex = 0; path = MODL_Interpreter.framework; sourceTree = BUILT_PRODUCTS_DIR; };
		3E6400DB22AFDEF70041260D /* Interpreter.h */ = {isa = PBXFileReference; lastKnownFileType = sourcecode.c.h; path = Interpreter.h; sourceTree = "<group>"; };
		3E6400DC22AFDEF70041260D /* Info.plist */ = {isa = PBXFileReference; lastKnownFileType = text.plist.xml; path = Info.plist; sourceTree = "<group>"; };
		3E6400E122AFDEF70041260D /* MODL-InterpreterTests.xctest */ = {isa = PBXFileReference; explicitFileType = wrapper.cfbundle; includeInIndex = 0; path = "MODL-InterpreterTests.xctest"; sourceTree = BUILT_PRODUCTS_DIR; };
		3E6400E822AFDEF70041260D /* InterpreterTests.swift */ = {isa = PBXFileReference; lastKnownFileType = sourcecode.swift; path = InterpreterTests.swift; sourceTree = "<group>"; };
		3E6400EA22AFDEF70041260D /* Info.plist */ = {isa = PBXFileReference; lastKnownFileType = text.plist.xml; path = Info.plist; sourceTree = "<group>"; };
		3E723ABC22B1156600FACCAA /* Punycode.xcodeproj */ = {isa = PBXFileReference; lastKnownFileType = "wrapper.pb-project"; name = Punycode.xcodeproj; path = "../../../../../Downloads/PunycodeSwift-master 2/Punycode.xcodeproj"; sourceTree = "<group>"; };
		3E7743C022674865006AA9AF /* MODLParser.interp */ = {isa = PBXFileReference; fileEncoding = 4; lastKnownFileType = text; path = MODLParser.interp; sourceTree = "<group>"; };
		3E7743C122674865006AA9AF /* MODLParserListener.swift */ = {isa = PBXFileReference; fileEncoding = 4; lastKnownFileType = sourcecode.swift; path = MODLParserListener.swift; sourceTree = "<group>"; };
		3E7743C222674865006AA9AF /* MODLLexerATN.swift */ = {isa = PBXFileReference; fileEncoding = 4; lastKnownFileType = sourcecode.swift; path = MODLLexerATN.swift; sourceTree = "<group>"; };
		3E7743C322674865006AA9AF /* MODLParser.swift */ = {isa = PBXFileReference; fileEncoding = 4; lastKnownFileType = sourcecode.swift; path = MODLParser.swift; sourceTree = "<group>"; };
		3E7743C422674865006AA9AF /* MODLParserBaseListener.swift */ = {isa = PBXFileReference; fileEncoding = 4; lastKnownFileType = sourcecode.swift; path = MODLParserBaseListener.swift; sourceTree = "<group>"; };
		3E7743C522674865006AA9AF /* MODLLexer.swift */ = {isa = PBXFileReference; fileEncoding = 4; lastKnownFileType = sourcecode.swift; path = MODLLexer.swift; sourceTree = "<group>"; };
		3E7743C622674865006AA9AF /* MODLLexer.interp */ = {isa = PBXFileReference; fileEncoding = 4; lastKnownFileType = text; path = MODLLexer.interp; sourceTree = "<group>"; };
		3E7743C722674865006AA9AF /* MODLLexer.tokens */ = {isa = PBXFileReference; fileEncoding = 4; lastKnownFileType = text; path = MODLLexer.tokens; sourceTree = "<group>"; };
		3E7743C822674865006AA9AF /* MODLParser.tokens */ = {isa = PBXFileReference; fileEncoding = 4; lastKnownFileType = text; path = MODLParser.tokens; sourceTree = "<group>"; };
		3E7743C922674865006AA9AF /* MODLParserParserATN.swift */ = {isa = PBXFileReference; fileEncoding = 4; lastKnownFileType = sourcecode.swift; path = MODLParserParserATN.swift; sourceTree = "<group>"; };
		3E7B4AA9228ADC9900C54CCF /* StringEscapeReplacer.swift */ = {isa = PBXFileReference; lastKnownFileType = sourcecode.swift; path = StringEscapeReplacer.swift; sourceTree = "<group>"; };
		3EF9718922AA78C70000B220 /* MethodManager.swift */ = {isa = PBXFileReference; lastKnownFileType = sourcecode.swift; path = MethodManager.swift; sourceTree = "<group>"; };
		AC5979BDEDCEC6CD9B68F409 /* Pods_InterpreterTests.framework */ = {isa = PBXFileReference; explicitFileType = wrapper.framework; includeInIndex = 0; path = Pods_InterpreterTests.framework; sourceTree = BUILT_PRODUCTS_DIR; };
		BFE9756048106A33F1DBDA8C /* Pods_MODL_Swift.framework */ = {isa = PBXFileReference; explicitFileType = wrapper.framework; includeInIndex = 0; path = Pods_MODL_Swift.framework; sourceTree = BUILT_PRODUCTS_DIR; };
		C0341B1F51315FDB3DB6021F /* Pods_Interpreter.framework */ = {isa = PBXFileReference; explicitFileType = wrapper.framework; includeInIndex = 0; path = Pods_Interpreter.framework; sourceTree = BUILT_PRODUCTS_DIR; };
/* End PBXFileReference section */

/* Begin PBXFrameworksBuildPhase section */
		3E6400D622AFDEF70041260D /* Frameworks */ = {
			isa = PBXFrameworksBuildPhase;
			buildActionMask = 2147483647;
			files = (
				3E723ADA22B115C600FACCAA /* Punycode.framework in Frameworks */,
				3E64011622AFE23D0041260D /* Antlr4.framework in Frameworks */,
			);
			runOnlyForDeploymentPostprocessing = 0;
		};
		3E6400DE22AFDEF70041260D /* Frameworks */ = {
			isa = PBXFrameworksBuildPhase;
			buildActionMask = 2147483647;
			files = (
				3E6400E222AFDEF70041260D /* MODL_Interpreter.framework in Frameworks */,
			);
			runOnlyForDeploymentPostprocessing = 0;
		};
/* End PBXFrameworksBuildPhase section */

/* Begin PBXGroup section */
		3E00995E226746EC0042D518 /* Frameworks */ = {
			isa = PBXGroup;
			children = (
				BFE9756048106A33F1DBDA8C /* Pods_MODL_Swift.framework */,
				04D4DD2FDF4AF497503C6E33 /* Pods_MODL_SwiftTests.framework */,
				C0341B1F51315FDB3DB6021F /* Pods_Interpreter.framework */,
				AC5979BDEDCEC6CD9B68F409 /* Pods_InterpreterTests.framework */,
			);
			name = Frameworks;
			sourceTree = "<group>";
		};
		3E3896D222830D62005533B9 /* old */ = {
			isa = PBXGroup;
			children = (
				3E3896D322830D62005533B9 /* conditional.json */,
				3E3896D422830D62005533B9 /* misc.json */,
				3E3896D522830D62005533B9 /* replacement.json */,
				3E3896D622830D62005533B9 /* class.json */,
				3E3896D722830D62005533B9 /* methods.json */,
				3E3896D822830D62005533B9 /* basic.json */,
			);
			path = old;
			sourceTree = "<group>";
		};
		3E3C29A52296BDAC007D555C /* Extensions */ = {
			isa = PBXGroup;
			children = (
				3E3C29A02296BD45007D555C /* StringExtensions.swift */,
			);
			path = Extensions;
			sourceTree = "<group>";
		};
		3E63153122816FCD008BDC14 /* grammar_tests */ = {
			isa = PBXGroup;
			children = (
				3E63153222816FCD008BDC14 /* 3.modl */,
				3E63153322816FCD008BDC14 /* 2.modl */,
				3E63153422816FCD008BDC14 /* test_import_dir */,
				3E63153622816FCD008BDC14 /* b.modl */,
				3E63153722816FCD008BDC14 /* c.modl */,
				3E63153822816FCD008BDC14 /* import_config.modl */,
				3E63153922816FCD008BDC14 /* a.modl */,
				3E3896D222830D62005533B9 /* old */,
				3E63153A22816FCD008BDC14 /* demo_config.modl */,
				3E63153B22816FCD008BDC14 /* base_tests.json */,
				3E63153C22816FCD008BDC14 /* error_tests.json */,
				3E63153D22816FCD008BDC14 /* 1.modl */,
			);
			path = grammar_tests;
			sourceTree = "<group>";
		};
		3E63153422816FCD008BDC14 /* test_import_dir */ = {
			isa = PBXGroup;
			children = (
				3E2BECD422A9703C00FC1303 /* nested_import1.txt */,
				3E2BECD522A9703C00FC1303 /* nested_import2.txt */,
				3E2BECD322A9703C00FC1303 /* nested_import3.txt */,
				3E63153522816FCD008BDC14 /* test_import.txt */,
			);
			path = test_import_dir;
			sourceTree = "<group>";
		};
		3E63156C22842AEE008BDC14 /* Models */ = {
			isa = PBXGroup;
			children = (
				3E63155A22819F62008BDC14 /* MODLTest.swift */,
				3E2BECCF22A95BDC00FC1303 /* TestFileLoader.swift */,
			);
			path = Models;
			sourceTree = "<group>";
		};
		3E6400DA22AFDEF70041260D /* Source */ = {
			isa = PBXGroup;
			children = (
				3E6400DB22AFDEF70041260D /* Interpreter.h */,
				3E7743BF22674829006AA9AF /* grammar */,
				3E5ABB712267459E007419CC /* Interpreter.swift */,
				3E63157D2285D8DB008BDC14 /* ModlObjectProtocols.swift */,
				3E3C29A52296BDAC007D555C /* Extensions */,
				3E7B4AA6228AD4BD00C54CCF /* Listener */,
				3E7B4AA7228AD4CB00C54CCF /* Generator */,
				3E723ABC22B1156600FACCAA /* Punycode.xcodeproj */,
				3E5ABB6622674541007419CC /* Antlr4.xcodeproj */,
				3E6400DC22AFDEF70041260D /* Info.plist */,
			);
			path = Source;
			sourceTree = "<group>";
		};
		3E6400E722AFDEF70041260D /* Tests */ = {
			isa = PBXGroup;
			children = (
				3E6400E822AFDEF70041260D /* InterpreterTests.swift */,
				3E63153122816FCD008BDC14 /* grammar_tests */,
				3E63156C22842AEE008BDC14 /* Models */,
				3E6315692282D980008BDC14 /* LongInputTests.swift */,
				3E63155822819F31008BDC14 /* BasicTests.swift */,
				3E63157022847E04008BDC14 /* AdvancedTests.swift */,
				3E2BECCD22A9321B00FC1303 /* FileLoaderTests.swift */,
				3E2BECD122A95C9000FC1303 /* LoadTests.swift */,
				3E6400EA22AFDEF70041260D /* Info.plist */,
			);
			path = Tests;
			sourceTree = "<group>";
		};
		3E723ABD22B1156600FACCAA /* Products */ = {
			isa = PBXGroup;
			children = (
				3E723AC922B1156600FACCAA /* Punycode.framework */,
				3E723ACB22B1156600FACCAA /* Punycode-iOSTests.xctest */,
				3E723ACD22B1156600FACCAA /* Punycode.framework */,
				3E723ACF22B1156600FACCAA /* Punycode-macOSTests.xctest */,
				3E723AD122B1156600FACCAA /* Punycode.framework */,
				3E723AD322B1156600FACCAA /* Punycode-tvOSTests.xctest */,
			);
			name = Products;
			sourceTree = "<group>";
		};
		3E7743B22267479D006AA9AF /* Products */ = {
			isa = PBXGroup;
			children = (
				3E7743B92267479D006AA9AF /* Antlr4.framework */,
				3E7743BB2267479D006AA9AF /* Antlr4Tests.xctest */,
			);
			name = Products;
			sourceTree = "<group>";
		};
		3E7743BF22674829006AA9AF /* grammar */ = {
			isa = PBXGroup;
			children = (
				3E7743C622674865006AA9AF /* MODLLexer.interp */,
				3E7743C522674865006AA9AF /* MODLLexer.swift */,
				3E7743C722674865006AA9AF /* MODLLexer.tokens */,
				3E7743C222674865006AA9AF /* MODLLexerATN.swift */,
				3E7743C022674865006AA9AF /* MODLParser.interp */,
				3E7743C322674865006AA9AF /* MODLParser.swift */,
				3E7743C822674865006AA9AF /* MODLParser.tokens */,
				3E7743C422674865006AA9AF /* MODLParserBaseListener.swift */,
				3E7743C122674865006AA9AF /* MODLParserListener.swift */,
				3E7743C922674865006AA9AF /* MODLParserParserATN.swift */,
			);
			path = grammar;
			sourceTree = "<group>";
		};
		3E7B4AA6228AD4BD00C54CCF /* Listener */ = {
			isa = PBXGroup;
			children = (
				3E5ABB6422674513007419CC /* ModlListener.swift */,
				3E5ABB7D226745FB007419CC /* ModlListenerObject.swift */,
			);
			path = Listener;
			sourceTree = "<group>";
		};
		3E7B4AA7228AD4CB00C54CCF /* Generator */ = {
			isa = PBXGroup;
			children = (
				3EF9718822AA78AA0000B220 /* Helpers */,
				3E6315782285C59B008BDC14 /* ModlObjectCreator.swift */,
				3E63157B2285C639008BDC14 /* ModlOutputObject.swift */,
			);
			path = Generator;
			sourceTree = "<group>";
		};
		3E7B4AA8228ADC8500C54CCF /* StringTranformation */ = {
			isa = PBXGroup;
			children = (
				3E3896E02289BECD005533B9 /* StringTransformer.swift */,
				3E7B4AA9228ADC9900C54CCF /* StringEscapeReplacer.swift */,
			);
			path = StringTranformation;
			sourceTree = "<group>";
		};
		3EF9718822AA78AA0000B220 /* Helpers */ = {
			isa = PBXGroup;
			children = (
				3E7B4AA8228ADC8500C54CCF /* StringTranformation */,
				3E6315752284875F008BDC14 /* ModlClassManager.swift */,
				3E3896E7228C1B39005533B9 /* ModlObjectReferenceManager.swift */,
				3E2BECCB22A92AC500FC1303 /* FileLoader.swift */,
				3EF9718922AA78C70000B220 /* MethodManager.swift */,
			);
			path = Helpers;
			sourceTree = "<group>";
		};
		3EFABA39226737760029EACC = {
			isa = PBXGroup;
			children = (
				3E6400DA22AFDEF70041260D /* Source */,
				3E6400E722AFDEF70041260D /* Tests */,
				3EFABA43226737760029EACC /* Products */,
				3E00995E226746EC0042D518 /* Frameworks */,
			);
			sourceTree = "<group>";
		};
		3EFABA43226737760029EACC /* Products */ = {
			isa = PBXGroup;
			children = (
				3E6400D922AFDEF70041260D /* MODL_Interpreter.framework */,
				3E6400E122AFDEF70041260D /* MODL-InterpreterTests.xctest */,
			);
			name = Products;
			sourceTree = "<group>";
		};
/* End PBXGroup section */

/* Begin PBXHeadersBuildPhase section */
		3E6400D422AFDEF70041260D /* Headers */ = {
			isa = PBXHeadersBuildPhase;
			buildActionMask = 2147483647;
			files = (
				3E6400EB22AFDEF70041260D /* Interpreter.h in Headers */,
			);
			runOnlyForDeploymentPostprocessing = 0;
		};
/* End PBXHeadersBuildPhase section */

/* Begin PBXNativeTarget section */
		3E6400D822AFDEF70041260D /* MODL-Interpreter */ = {
			isa = PBXNativeTarget;
			buildConfigurationList = 3E6400F722AFDEF70041260D /* Build configuration list for PBXNativeTarget "MODL-Interpreter" */;
			buildPhases = (
				3E6400D422AFDEF70041260D /* Headers */,
				3E6400D522AFDEF70041260D /* Sources */,
				3E6400D622AFDEF70041260D /* Frameworks */,
				3E6400D722AFDEF70041260D /* Resources */,
			);
			buildRules = (
			);
			dependencies = (
				3E64011122AFE2350041260D /* PBXTargetDependency */,
			);
			name = "MODL-Interpreter";
			productName = Interpreter;
			productReference = 3E6400D922AFDEF70041260D /* MODL_Interpreter.framework */;
			productType = "com.apple.product-type.framework";
		};
		3E6400E022AFDEF70041260D /* MODL-InterpreterTests */ = {
			isa = PBXNativeTarget;
			buildConfigurationList = 3E6400F922AFDEF70041260D /* Build configuration list for PBXNativeTarget "MODL-InterpreterTests" */;
			buildPhases = (
				3E6400DD22AFDEF70041260D /* Sources */,
				3E6400DE22AFDEF70041260D /* Frameworks */,
				3E6400DF22AFDEF70041260D /* Resources */,
			);
			buildRules = (
			);
			dependencies = (
				3E6400E422AFDEF70041260D /* PBXTargetDependency */,
			);
			name = "MODL-InterpreterTests";
			productName = InterpreterTests;
			productReference = 3E6400E122AFDEF70041260D /* MODL-InterpreterTests.xctest */;
			productType = "com.apple.product-type.bundle.unit-test";
		};
/* End PBXNativeTarget section */

/* Begin PBXProject section */
		3EFABA3A226737760029EACC /* Project object */ = {
			isa = PBXProject;
			attributes = {
				LastSwiftUpdateCheck = 1020;
				LastUpgradeCheck = 1020;
				ORGANIZATIONNAME = "Touchsoft Ltd";
				TargetAttributes = {
					3E6400D822AFDEF70041260D = {
						CreatedOnToolsVersion = 10.2.1;
					};
					3E6400E022AFDEF70041260D = {
						CreatedOnToolsVersion = 10.2.1;
					};
				};
			};
			buildConfigurationList = 3EFABA3D226737760029EACC /* Build configuration list for PBXProject "MODL-Interpreter" */;
			compatibilityVersion = "Xcode 9.3";
			developmentRegion = en;
			hasScannedForEncodings = 0;
			knownRegions = (
				en,
				Base,
			);
			mainGroup = 3EFABA39226737760029EACC;
			productRefGroup = 3EFABA43226737760029EACC /* Products */;
			projectDirPath = "";
			projectReferences = (
				{
					ProductGroup = 3E7743B22267479D006AA9AF /* Products */;
					ProjectRef = 3E5ABB6622674541007419CC /* Antlr4.xcodeproj */;
				},
				{
					ProductGroup = 3E723ABD22B1156600FACCAA /* Products */;
					ProjectRef = 3E723ABC22B1156600FACCAA /* Punycode.xcodeproj */;
				},
			);
			projectRoot = "";
			targets = (
				3E6400D822AFDEF70041260D /* MODL-Interpreter */,
				3E6400E022AFDEF70041260D /* MODL-InterpreterTests */,
			);
		};
/* End PBXProject section */

/* Begin PBXReferenceProxy section */
		3E723AC922B1156600FACCAA /* Punycode.framework */ = {
			isa = PBXReferenceProxy;
			fileType = wrapper.framework;
			path = Punycode.framework;
			remoteRef = 3E723AC822B1156600FACCAA /* PBXContainerItemProxy */;
			sourceTree = BUILT_PRODUCTS_DIR;
		};
		3E723ACB22B1156600FACCAA /* Punycode-iOSTests.xctest */ = {
			isa = PBXReferenceProxy;
			fileType = wrapper.cfbundle;
			path = "Punycode-iOSTests.xctest";
			remoteRef = 3E723ACA22B1156600FACCAA /* PBXContainerItemProxy */;
			sourceTree = BUILT_PRODUCTS_DIR;
		};
		3E723ACD22B1156600FACCAA /* Punycode.framework */ = {
			isa = PBXReferenceProxy;
			fileType = wrapper.framework;
			path = Punycode.framework;
			remoteRef = 3E723ACC22B1156600FACCAA /* PBXContainerItemProxy */;
			sourceTree = BUILT_PRODUCTS_DIR;
		};
		3E723ACF22B1156600FACCAA /* Punycode-macOSTests.xctest */ = {
			isa = PBXReferenceProxy;
			fileType = wrapper.cfbundle;
			path = "Punycode-macOSTests.xctest";
			remoteRef = 3E723ACE22B1156600FACCAA /* PBXContainerItemProxy */;
			sourceTree = BUILT_PRODUCTS_DIR;
		};
		3E723AD122B1156600FACCAA /* Punycode.framework */ = {
			isa = PBXReferenceProxy;
			fileType = wrapper.framework;
			path = Punycode.framework;
			remoteRef = 3E723AD022B1156600FACCAA /* PBXContainerItemProxy */;
			sourceTree = BUILT_PRODUCTS_DIR;
		};
		3E723AD322B1156600FACCAA /* Punycode-tvOSTests.xctest */ = {
			isa = PBXReferenceProxy;
			fileType = wrapper.cfbundle;
			path = "Punycode-tvOSTests.xctest";
			remoteRef = 3E723AD222B1156600FACCAA /* PBXContainerItemProxy */;
			sourceTree = BUILT_PRODUCTS_DIR;
		};
		3E7743B92267479D006AA9AF /* Antlr4.framework */ = {
			isa = PBXReferenceProxy;
			fileType = wrapper.framework;
			path = Antlr4.framework;
			remoteRef = 3E7743B82267479D006AA9AF /* PBXContainerItemProxy */;
			sourceTree = BUILT_PRODUCTS_DIR;
		};
		3E7743BB2267479D006AA9AF /* Antlr4Tests.xctest */ = {
			isa = PBXReferenceProxy;
			fileType = file;
			path = Antlr4Tests.xctest;
			remoteRef = 3E7743BA2267479D006AA9AF /* PBXContainerItemProxy */;
			sourceTree = BUILT_PRODUCTS_DIR;
		};
/* End PBXReferenceProxy section */

/* Begin PBXResourcesBuildPhase section */
		3E6400D722AFDEF70041260D /* Resources */ = {
			isa = PBXResourcesBuildPhase;
			buildActionMask = 2147483647;
			files = (
				3E64011D22AFE25F0041260D /* MODLParser.tokens in Resources */,
				3E64011922AFE25F0041260D /* MODLLexer.tokens in Resources */,
				3E64011B22AFE25F0041260D /* MODLParser.interp in Resources */,
				3E64011822AFE25F0041260D /* MODLLexer.interp in Resources */,
			);
			runOnlyForDeploymentPostprocessing = 0;
		};
		3E6400DF22AFDEF70041260D /* Resources */ = {
			isa = PBXResourcesBuildPhase;
			buildActionMask = 2147483647;
			files = (
				3E64012522AFE2FF0041260D /* b.modl in Resources */,
				3E64012422AFE2FF0041260D /* 2.modl in Resources */,
				3E64012722AFE2FF0041260D /* import_config.modl in Resources */,
				3E64012922AFE2FF0041260D /* demo_config.modl in Resources */,
				3E64012A22AFE2FF0041260D /* base_tests.json in Resources */,
				3E64012F22AFE3030041260D /* nested_import3.txt in Resources */,
				3E64012C22AFE2FF0041260D /* 1.modl in Resources */,
				3E64012322AFE2FF0041260D /* 3.modl in Resources */,
				3E64012622AFE2FF0041260D /* c.modl in Resources */,
				3E64013022AFE3030041260D /* test_import.txt in Resources */,
				3E64012B22AFE2FF0041260D /* error_tests.json in Resources */,
				3E64012D22AFE3030041260D /* nested_import1.txt in Resources */,
				3E64012822AFE2FF0041260D /* a.modl in Resources */,
				3E64012E22AFE3030041260D /* nested_import2.txt in Resources */,
			);
			runOnlyForDeploymentPostprocessing = 0;
		};
/* End PBXResourcesBuildPhase section */

/* Begin PBXSourcesBuildPhase section */
		3E6400D522AFDEF70041260D /* Sources */ = {
			isa = PBXSourcesBuildPhase;
			buildActionMask = 2147483647;
			files = (
				3E64011F22AFE25F0041260D /* MODLParserListener.swift in Sources */,
				3E64012022AFE25F0041260D /* MODLParserParserATN.swift in Sources */,
				3E6400FB22AFDF1D0041260D /* Interpreter.swift in Sources */,
				3E64010522AFE1050041260D /* ModlObjectCreator.swift in Sources */,
				3E64010A22AFE1090041260D /* MethodManager.swift in Sources */,
				3E64010C22AFE10C0041260D /* StringEscapeReplacer.swift in Sources */,
				3E64011C22AFE25F0041260D /* MODLParser.swift in Sources */,
				3E64010622AFE1050041260D /* ModlOutputObject.swift in Sources */,
				3E64010B22AFE10C0041260D /* StringTransformer.swift in Sources */,
				3E6400FA22AFDF1D0041260D /* ModlObjectProtocols.swift in Sources */,
				3E64010922AFE1090041260D /* FileLoader.swift in Sources */,
				3E64010822AFE1090041260D /* ModlObjectReferenceManager.swift in Sources */,
				3E64010422AFE0F00041260D /* StringExtensions.swift in Sources */,
				3E64010222AFE0EA0041260D /* ModlListenerObject.swift in Sources */,
				3E64011A22AFE25F0041260D /* MODLLexerATN.swift in Sources */,
				3E64010722AFE1090041260D /* ModlClassManager.swift in Sources */,
				3E64011E22AFE25F0041260D /* MODLParserBaseListener.swift in Sources */,
				3E64011722AFE25A0041260D /* MODLLexer.swift in Sources */,
				3E64010322AFE0EC0041260D /* ModlListener.swift in Sources */,
			);
			runOnlyForDeploymentPostprocessing = 0;
		};
		3E6400DD22AFDEF70041260D /* Sources */ = {
			isa = PBXSourcesBuildPhase;
			buildActionMask = 2147483647;
			files = (
				3E6400FD22AFDF530041260D /* AdvancedTests.swift in Sources */,
				3E64010122AFDF530041260D /* BasicTests.swift in Sources */,
				3E64012122AFE2F40041260D /* MODLTest.swift in Sources */,
				3E6400E922AFDEF70041260D /* InterpreterTests.swift in Sources */,
				3E6400FE22AFDF530041260D /* LongInputTests.swift in Sources */,
				3E64010022AFDF530041260D /* FileLoaderTests.swift in Sources */,
				3E64012222AFE2F40041260D /* TestFileLoader.swift in Sources */,
				3E6400FC22AFDF530041260D /* LoadTests.swift in Sources */,
			);
			runOnlyForDeploymentPostprocessing = 0;
		};
/* End PBXSourcesBuildPhase section */

/* Begin PBXTargetDependency section */
		3E6400E422AFDEF70041260D /* PBXTargetDependency */ = {
			isa = PBXTargetDependency;
			target = 3E6400D822AFDEF70041260D /* MODL-Interpreter */;
			targetProxy = 3E6400E322AFDEF70041260D /* PBXContainerItemProxy */;
		};
		3E64011122AFE2350041260D /* PBXTargetDependency */ = {
			isa = PBXTargetDependency;
			name = Antlr4;
			targetProxy = 3E64011022AFE2350041260D /* PBXContainerItemProxy */;
		};
/* End PBXTargetDependency section */

/* Begin XCBuildConfiguration section */
		3E6400F022AFDEF70041260D /* Debug */ = {
			isa = XCBuildConfiguration;
			buildSettings = {
				CODE_SIGN_IDENTITY = "";
				CODE_SIGN_STYLE = Automatic;
				CURRENT_PROJECT_VERSION = 1;
				DEFINES_MODULE = YES;
				DEVELOPMENT_TEAM = 75343VFMU9;
				DYLIB_COMPATIBILITY_VERSION = 1;
				DYLIB_CURRENT_VERSION = 1;
				DYLIB_INSTALL_NAME_BASE = "@rpath";
				INFOPLIST_FILE = "$(SRCROOT)/Source/Info.plist";
				INSTALL_PATH = "$(LOCAL_LIBRARY_DIR)/Frameworks";
				LD_RUNPATH_SEARCH_PATHS = (
					"$(inherited)",
					"@executable_path/Frameworks",
					"@loader_path/Frameworks",
				);
				PRODUCT_BUNDLE_IDENTIFIER = uk.modl.Interpreter;
				PRODUCT_NAME = "$(TARGET_NAME:c99extidentifier)";
				SKIP_INSTALL = YES;
				SWIFT_VERSION = 5.0;
				TARGETED_DEVICE_FAMILY = "1,2";
				VERSIONING_SYSTEM = "apple-generic";
				VERSION_INFO_PREFIX = "";
			};
			name = Debug;
		};
		3E6400F122AFDEF70041260D /* Release */ = {
			isa = XCBuildConfiguration;
			buildSettings = {
				CODE_SIGN_IDENTITY = "";
				CODE_SIGN_STYLE = Automatic;
				CURRENT_PROJECT_VERSION = 1;
				DEFINES_MODULE = YES;
				DEVELOPMENT_TEAM = 75343VFMU9;
				DYLIB_COMPATIBILITY_VERSION = 1;
				DYLIB_CURRENT_VERSION = 1;
				DYLIB_INSTALL_NAME_BASE = "@rpath";
				INFOPLIST_FILE = "$(SRCROOT)/Source/Info.plist";
				INSTALL_PATH = "$(LOCAL_LIBRARY_DIR)/Frameworks";
				LD_RUNPATH_SEARCH_PATHS = (
					"$(inherited)",
					"@executable_path/Frameworks",
					"@loader_path/Frameworks",
				);
				PRODUCT_BUNDLE_IDENTIFIER = uk.modl.Interpreter;
				PRODUCT_NAME = "$(TARGET_NAME:c99extidentifier)";
				SKIP_INSTALL = YES;
				SWIFT_VERSION = 5.0;
				TARGETED_DEVICE_FAMILY = "1,2";
				VERSIONING_SYSTEM = "apple-generic";
				VERSION_INFO_PREFIX = "";
			};
			name = Release;
		};
		3E6400F222AFDEF70041260D /* Debug */ = {
			isa = XCBuildConfiguration;
			buildSettings = {
				ALWAYS_EMBED_SWIFT_STANDARD_LIBRARIES = YES;
				CODE_SIGN_STYLE = Automatic;
				DEVELOPMENT_TEAM = D97R76SVB2;
				INFOPLIST_FILE = Tests/Info.plist;
				LD_RUNPATH_SEARCH_PATHS = (
					"$(inherited)",
					"@executable_path/Frameworks",
					"@loader_path/Frameworks",
				);
				PRODUCT_BUNDLE_IDENTIFIER = uk.modl.InterpreterTests;
				PRODUCT_NAME = "$(TARGET_NAME)";
				SWIFT_VERSION = 5.0;
				TARGETED_DEVICE_FAMILY = "1,2";
			};
			name = Debug;
		};
		3E6400F322AFDEF70041260D /* Release */ = {
			isa = XCBuildConfiguration;
			buildSettings = {
				ALWAYS_EMBED_SWIFT_STANDARD_LIBRARIES = YES;
				CODE_SIGN_STYLE = Automatic;
				DEVELOPMENT_TEAM = D97R76SVB2;
				INFOPLIST_FILE = Tests/Info.plist;
				LD_RUNPATH_SEARCH_PATHS = (
					"$(inherited)",
					"@executable_path/Frameworks",
					"@loader_path/Frameworks",
				);
				PRODUCT_BUNDLE_IDENTIFIER = uk.modl.InterpreterTests;
				PRODUCT_NAME = "$(TARGET_NAME)";
				SWIFT_VERSION = 5.0;
				TARGETED_DEVICE_FAMILY = "1,2";
			};
			name = Release;
		};
		3EFABA5D226737790029EACC /* Debug */ = {
			isa = XCBuildConfiguration;
			buildSettings = {
				ALWAYS_SEARCH_USER_PATHS = NO;
				CLANG_ANALYZER_NONNULL = YES;
				CLANG_ANALYZER_NUMBER_OBJECT_CONVERSION = YES_AGGRESSIVE;
				CLANG_CXX_LANGUAGE_STANDARD = "gnu++14";
				CLANG_CXX_LIBRARY = "libc++";
				CLANG_ENABLE_MODULES = YES;
				CLANG_ENABLE_OBJC_ARC = YES;
				CLANG_ENABLE_OBJC_WEAK = YES;
				CLANG_WARN_BLOCK_CAPTURE_AUTORELEASING = YES;
				CLANG_WARN_BOOL_CONVERSION = YES;
				CLANG_WARN_COMMA = YES;
				CLANG_WARN_CONSTANT_CONVERSION = YES;
				CLANG_WARN_DEPRECATED_OBJC_IMPLEMENTATIONS = YES;
				CLANG_WARN_DIRECT_OBJC_ISA_USAGE = YES_ERROR;
				CLANG_WARN_DOCUMENTATION_COMMENTS = YES;
				CLANG_WARN_EMPTY_BODY = YES;
				CLANG_WARN_ENUM_CONVERSION = YES;
				CLANG_WARN_INFINITE_RECURSION = YES;
				CLANG_WARN_INT_CONVERSION = YES;
				CLANG_WARN_NON_LITERAL_NULL_CONVERSION = YES;
				CLANG_WARN_OBJC_IMPLICIT_RETAIN_SELF = YES;
				CLANG_WARN_OBJC_LITERAL_CONVERSION = YES;
				CLANG_WARN_OBJC_ROOT_CLASS = YES_ERROR;
				CLANG_WARN_RANGE_LOOP_ANALYSIS = YES;
				CLANG_WARN_STRICT_PROTOTYPES = YES;
				CLANG_WARN_SUSPICIOUS_MOVE = YES;
				CLANG_WARN_UNGUARDED_AVAILABILITY = YES_AGGRESSIVE;
				CLANG_WARN_UNREACHABLE_CODE = YES;
				CLANG_WARN__DUPLICATE_METHOD_MATCH = YES;
				CODE_SIGN_IDENTITY = "iPhone Developer";
				COPY_PHASE_STRIP = NO;
				DEBUG_INFORMATION_FORMAT = dwarf;
				ENABLE_STRICT_OBJC_MSGSEND = YES;
				ENABLE_TESTABILITY = YES;
				GCC_C_LANGUAGE_STANDARD = gnu11;
				GCC_DYNAMIC_NO_PIC = NO;
				GCC_NO_COMMON_BLOCKS = YES;
				GCC_OPTIMIZATION_LEVEL = 0;
				GCC_PREPROCESSOR_DEFINITIONS = (
					"DEBUG=1",
					"$(inherited)",
				);
				GCC_WARN_64_TO_32_BIT_CONVERSION = YES;
				GCC_WARN_ABOUT_RETURN_TYPE = YES_ERROR;
				GCC_WARN_UNDECLARED_SELECTOR = YES;
				GCC_WARN_UNINITIALIZED_AUTOS = YES_AGGRESSIVE;
				GCC_WARN_UNUSED_FUNCTION = YES;
				GCC_WARN_UNUSED_VARIABLE = YES;
				IPHONEOS_DEPLOYMENT_TARGET = 12.2;
				MTL_ENABLE_DEBUG_INFO = INCLUDE_SOURCE;
				MTL_FAST_MATH = YES;
				ONLY_ACTIVE_ARCH = YES;
				SDKROOT = iphoneos;
				SWIFT_ACTIVE_COMPILATION_CONDITIONS = DEBUG;
				SWIFT_OPTIMIZATION_LEVEL = "-Onone";
			};
			name = Debug;
		};
		3EFABA5E226737790029EACC /* Release */ = {
			isa = XCBuildConfiguration;
			buildSettings = {
				ALWAYS_SEARCH_USER_PATHS = NO;
				CLANG_ANALYZER_NONNULL = YES;
				CLANG_ANALYZER_NUMBER_OBJECT_CONVERSION = YES_AGGRESSIVE;
				CLANG_CXX_LANGUAGE_STANDARD = "gnu++14";
				CLANG_CXX_LIBRARY = "libc++";
				CLANG_ENABLE_MODULES = YES;
				CLANG_ENABLE_OBJC_ARC = YES;
				CLANG_ENABLE_OBJC_WEAK = YES;
				CLANG_WARN_BLOCK_CAPTURE_AUTORELEASING = YES;
				CLANG_WARN_BOOL_CONVERSION = YES;
				CLANG_WARN_COMMA = YES;
				CLANG_WARN_CONSTANT_CONVERSION = YES;
				CLANG_WARN_DEPRECATED_OBJC_IMPLEMENTATIONS = YES;
				CLANG_WARN_DIRECT_OBJC_ISA_USAGE = YES_ERROR;
				CLANG_WARN_DOCUMENTATION_COMMENTS = YES;
				CLANG_WARN_EMPTY_BODY = YES;
				CLANG_WARN_ENUM_CONVERSION = YES;
				CLANG_WARN_INFINITE_RECURSION = YES;
				CLANG_WARN_INT_CONVERSION = YES;
				CLANG_WARN_NON_LITERAL_NULL_CONVERSION = YES;
				CLANG_WARN_OBJC_IMPLICIT_RETAIN_SELF = YES;
				CLANG_WARN_OBJC_LITERAL_CONVERSION = YES;
				CLANG_WARN_OBJC_ROOT_CLASS = YES_ERROR;
				CLANG_WARN_RANGE_LOOP_ANALYSIS = YES;
				CLANG_WARN_STRICT_PROTOTYPES = YES;
				CLANG_WARN_SUSPICIOUS_MOVE = YES;
				CLANG_WARN_UNGUARDED_AVAILABILITY = YES_AGGRESSIVE;
				CLANG_WARN_UNREACHABLE_CODE = YES;
				CLANG_WARN__DUPLICATE_METHOD_MATCH = YES;
				CODE_SIGN_IDENTITY = "iPhone Developer";
				COPY_PHASE_STRIP = NO;
				DEBUG_INFORMATION_FORMAT = "dwarf-with-dsym";
				ENABLE_NS_ASSERTIONS = NO;
				ENABLE_STRICT_OBJC_MSGSEND = YES;
				GCC_C_LANGUAGE_STANDARD = gnu11;
				GCC_NO_COMMON_BLOCKS = YES;
				GCC_WARN_64_TO_32_BIT_CONVERSION = YES;
				GCC_WARN_ABOUT_RETURN_TYPE = YES_ERROR;
				GCC_WARN_UNDECLARED_SELECTOR = YES;
				GCC_WARN_UNINITIALIZED_AUTOS = YES_AGGRESSIVE;
				GCC_WARN_UNUSED_FUNCTION = YES;
				GCC_WARN_UNUSED_VARIABLE = YES;
				IPHONEOS_DEPLOYMENT_TARGET = 12.2;
				MTL_ENABLE_DEBUG_INFO = NO;
				MTL_FAST_MATH = YES;
				SDKROOT = iphoneos;
				SWIFT_COMPILATION_MODE = wholemodule;
				SWIFT_OPTIMIZATION_LEVEL = "-O";
				VALIDATE_PRODUCT = YES;
			};
			name = Release;
		};
/* End XCBuildConfiguration section */

/* Begin XCConfigurationList section */
		3E6400F722AFDEF70041260D /* Build configuration list for PBXNativeTarget "MODL-Interpreter" */ = {
			isa = XCConfigurationList;
			buildConfigurations = (
				3E6400F022AFDEF70041260D /* Debug */,
				3E6400F122AFDEF70041260D /* Release */,
			);
			defaultConfigurationIsVisible = 0;
			defaultConfigurationName = Release;
		};
		3E6400F922AFDEF70041260D /* Build configuration list for PBXNativeTarget "MODL-InterpreterTests" */ = {
			isa = XCConfigurationList;
			buildConfigurations = (
				3E6400F222AFDEF70041260D /* Debug */,
				3E6400F322AFDEF70041260D /* Release */,
			);
			defaultConfigurationIsVisible = 0;
			defaultConfigurationName = Release;
		};
		3EFABA3D226737760029EACC /* Build configuration list for PBXProject "MODL-Interpreter" */ = {
			isa = XCConfigurationList;
			buildConfigurations = (
				3EFABA5D226737790029EACC /* Debug */,
				3EFABA5E226737790029EACC /* Release */,
			);
			defaultConfigurationIsVisible = 0;
			defaultConfigurationName = Release;
		};
/* End XCConfigurationList section */
	};
	rootObject = 3EFABA3A226737760029EACC /* Project object */;
}
