// !$*UTF8*$!
{
	archiveVersion = 1;
	classes = {
	};
	objectVersion = 50;
	objects = {

/* Begin PBXBuildFile section */
		3E3896D922830D63005533B9 /* conditional.json in Resources */ = {isa = PBXBuildFile; fileRef = 3E3896D322830D62005533B9 /* conditional.json */; };
		3E3896DA22830D63005533B9 /* misc.json in Resources */ = {isa = PBXBuildFile; fileRef = 3E3896D422830D62005533B9 /* misc.json */; };
		3E3896DB22830D63005533B9 /* replacement.json in Resources */ = {isa = PBXBuildFile; fileRef = 3E3896D522830D62005533B9 /* replacement.json */; };
		3E3896DC22830D63005533B9 /* class.json in Resources */ = {isa = PBXBuildFile; fileRef = 3E3896D622830D62005533B9 /* class.json */; };
		3E3896DD22830D63005533B9 /* methods.json in Resources */ = {isa = PBXBuildFile; fileRef = 3E3896D722830D62005533B9 /* methods.json */; };
		3E3896DE22830D63005533B9 /* basic.json in Resources */ = {isa = PBXBuildFile; fileRef = 3E3896D822830D62005533B9 /* basic.json */; };
		3E3896E12289BECD005533B9 /* StringTransformer.swift in Sources */ = {isa = PBXBuildFile; fileRef = 3E3896E02289BECD005533B9 /* StringTransformer.swift */; };
		3E3896E8228C1B39005533B9 /* ModlObjectReferenceManager.swift in Sources */ = {isa = PBXBuildFile; fileRef = 3E3896E7228C1B39005533B9 /* ModlObjectReferenceManager.swift */; };
		3E3C29A12296BD45007D555C /* StringExtensions.swift in Sources */ = {isa = PBXBuildFile; fileRef = 3E3C29A02296BD45007D555C /* StringExtensions.swift */; };
		3E5ABB6522674513007419CC /* ModlListener.swift in Sources */ = {isa = PBXBuildFile; fileRef = 3E5ABB6422674513007419CC /* ModlListener.swift */; };
		3E5ABB722267459E007419CC /* ModlParser.swift in Sources */ = {isa = PBXBuildFile; fileRef = 3E5ABB712267459E007419CC /* ModlParser.swift */; };
		3E5ABB7E226745FB007419CC /* ModlListenerObject.swift in Sources */ = {isa = PBXBuildFile; fileRef = 3E5ABB7D226745FB007419CC /* ModlListenerObject.swift */; };
		3E63154122816FCD008BDC14 /* 3.modl in Resources */ = {isa = PBXBuildFile; fileRef = 3E63153222816FCD008BDC14 /* 3.modl */; };
		3E63154222816FCD008BDC14 /* 2.modl in Resources */ = {isa = PBXBuildFile; fileRef = 3E63153322816FCD008BDC14 /* 2.modl */; };
		3E63154322816FCD008BDC14 /* test_import.txt in Resources */ = {isa = PBXBuildFile; fileRef = 3E63153522816FCD008BDC14 /* test_import.txt */; };
		3E63154422816FCD008BDC14 /* b.modl in Resources */ = {isa = PBXBuildFile; fileRef = 3E63153622816FCD008BDC14 /* b.modl */; };
		3E63154522816FCD008BDC14 /* c.modl in Resources */ = {isa = PBXBuildFile; fileRef = 3E63153722816FCD008BDC14 /* c.modl */; };
		3E63154622816FCD008BDC14 /* import_config.modl in Resources */ = {isa = PBXBuildFile; fileRef = 3E63153822816FCD008BDC14 /* import_config.modl */; };
		3E63154722816FCD008BDC14 /* a.modl in Resources */ = {isa = PBXBuildFile; fileRef = 3E63153922816FCD008BDC14 /* a.modl */; };
		3E63154822816FCD008BDC14 /* demo_config.modl in Resources */ = {isa = PBXBuildFile; fileRef = 3E63153A22816FCD008BDC14 /* demo_config.modl */; };
		3E63154922816FCD008BDC14 /* base_tests.json in Resources */ = {isa = PBXBuildFile; fileRef = 3E63153B22816FCD008BDC14 /* base_tests.json */; };
		3E63154A22816FCD008BDC14 /* error_tests.json in Resources */ = {isa = PBXBuildFile; fileRef = 3E63153C22816FCD008BDC14 /* error_tests.json */; };
		3E63154B22816FCD008BDC14 /* 1.modl in Resources */ = {isa = PBXBuildFile; fileRef = 3E63153D22816FCD008BDC14 /* 1.modl */; };
		3E63155922819F31008BDC14 /* BasicTests.swift in Sources */ = {isa = PBXBuildFile; fileRef = 3E63155822819F31008BDC14 /* BasicTests.swift */; };
		3E63155B22819F62008BDC14 /* MODLTest.swift in Sources */ = {isa = PBXBuildFile; fileRef = 3E63155A22819F62008BDC14 /* MODLTest.swift */; };
		3E63156A2282D980008BDC14 /* LongInputTests.swift in Sources */ = {isa = PBXBuildFile; fileRef = 3E6315692282D980008BDC14 /* LongInputTests.swift */; };
		3E63157122847E04008BDC14 /* AdvancedTests.swift in Sources */ = {isa = PBXBuildFile; fileRef = 3E63157022847E04008BDC14 /* AdvancedTests.swift */; };
		3E6315762284875F008BDC14 /* ModlClassManager.swift in Sources */ = {isa = PBXBuildFile; fileRef = 3E6315752284875F008BDC14 /* ModlClassManager.swift */; };
		3E6315792285C59B008BDC14 /* ModlObjectCreator.swift in Sources */ = {isa = PBXBuildFile; fileRef = 3E6315782285C59B008BDC14 /* ModlObjectCreator.swift */; };
		3E63157C2285C639008BDC14 /* ModlOutputObject.swift in Sources */ = {isa = PBXBuildFile; fileRef = 3E63157B2285C639008BDC14 /* ModlOutputObject.swift */; };
		3E63157E2285D8DB008BDC14 /* ModlObjectProtocols.swift in Sources */ = {isa = PBXBuildFile; fileRef = 3E63157D2285D8DB008BDC14 /* ModlObjectProtocols.swift */; };
		3E7743BE226747E1006AA9AF /* Antlr4.framework in Frameworks */ = {isa = PBXBuildFile; fileRef = 3E7743B92267479D006AA9AF /* Antlr4.framework */; };
		3E7743CA22674865006AA9AF /* MODLParser.interp in Resources */ = {isa = PBXBuildFile; fileRef = 3E7743C022674865006AA9AF /* MODLParser.interp */; };
		3E7743CB22674865006AA9AF /* MODLParserListener.swift in Sources */ = {isa = PBXBuildFile; fileRef = 3E7743C122674865006AA9AF /* MODLParserListener.swift */; };
		3E7743CC22674865006AA9AF /* MODLLexerATN.swift in Sources */ = {isa = PBXBuildFile; fileRef = 3E7743C222674865006AA9AF /* MODLLexerATN.swift */; };
		3E7743CD22674865006AA9AF /* MODLParser.swift in Sources */ = {isa = PBXBuildFile; fileRef = 3E7743C322674865006AA9AF /* MODLParser.swift */; };
		3E7743CE22674865006AA9AF /* MODLParserBaseListener.swift in Sources */ = {isa = PBXBuildFile; fileRef = 3E7743C422674865006AA9AF /* MODLParserBaseListener.swift */; };
		3E7743CF22674865006AA9AF /* MODLLexer.swift in Sources */ = {isa = PBXBuildFile; fileRef = 3E7743C522674865006AA9AF /* MODLLexer.swift */; };
		3E7743D022674865006AA9AF /* MODLLexer.interp in Resources */ = {isa = PBXBuildFile; fileRef = 3E7743C622674865006AA9AF /* MODLLexer.interp */; };
		3E7743D122674865006AA9AF /* MODLLexer.tokens in Resources */ = {isa = PBXBuildFile; fileRef = 3E7743C722674865006AA9AF /* MODLLexer.tokens */; };
		3E7743D222674865006AA9AF /* MODLParser.tokens in Resources */ = {isa = PBXBuildFile; fileRef = 3E7743C822674865006AA9AF /* MODLParser.tokens */; };
		3E7743D322674865006AA9AF /* MODLParserParserATN.swift in Sources */ = {isa = PBXBuildFile; fileRef = 3E7743C922674865006AA9AF /* MODLParserParserATN.swift */; };
		3E7743D622674ABE006AA9AF /* DemoOptionsViewController.swift in Sources */ = {isa = PBXBuildFile; fileRef = 3E7743D522674ABE006AA9AF /* DemoOptionsViewController.swift */; };
		3E7743D922674AE3006AA9AF /* DNSTestViewController.swift in Sources */ = {isa = PBXBuildFile; fileRef = 3E7743D822674AE3006AA9AF /* DNSTestViewController.swift */; };
		3E7743DB22674AEC006AA9AF /* ParseTestViewController.swift in Sources */ = {isa = PBXBuildFile; fileRef = 3E7743DA22674AEC006AA9AF /* ParseTestViewController.swift */; };
		3E7743DE22675E59006AA9AF /* DNSTxtRecord.swift in Sources */ = {isa = PBXBuildFile; fileRef = 3E7743DD22675E59006AA9AF /* DNSTxtRecord.swift */; };
		3E7B4AAA228ADC9900C54CCF /* StringEscapeReplacer.swift in Sources */ = {isa = PBXBuildFile; fileRef = 3E7B4AA9228ADC9900C54CCF /* StringEscapeReplacer.swift */; };
		3EFABA46226737760029EACC /* AppDelegate.swift in Sources */ = {isa = PBXBuildFile; fileRef = 3EFABA45226737760029EACC /* AppDelegate.swift */; };
		3EFABA4B226737760029EACC /* Main.storyboard in Resources */ = {isa = PBXBuildFile; fileRef = 3EFABA49226737760029EACC /* Main.storyboard */; };
		3EFABA4D226737790029EACC /* Assets.xcassets in Resources */ = {isa = PBXBuildFile; fileRef = 3EFABA4C226737790029EACC /* Assets.xcassets */; };
		3EFABA50226737790029EACC /* LaunchScreen.storyboard in Resources */ = {isa = PBXBuildFile; fileRef = 3EFABA4E226737790029EACC /* LaunchScreen.storyboard */; };
		3EFABA5B226737790029EACC /* MODL_SwiftTests.swift in Sources */ = {isa = PBXBuildFile; fileRef = 3EFABA5A226737790029EACC /* MODL_SwiftTests.swift */; };
		E1D6E32A157521B107ABF38C /* Pods_MODL_Swift.framework in Frameworks */ = {isa = PBXBuildFile; fileRef = BFE9756048106A33F1DBDA8C /* Pods_MODL_Swift.framework */; };
		F851FCC8F27F93DCD6D6980B /* Pods_MODL_SwiftTests.framework in Frameworks */ = {isa = PBXBuildFile; fileRef = 04D4DD2FDF4AF497503C6E33 /* Pods_MODL_SwiftTests.framework */; };
/* End PBXBuildFile section */

/* Begin PBXContainerItemProxy section */
		3E7743B82267479D006AA9AF /* PBXContainerItemProxy */ = {
			isa = PBXContainerItemProxy;
			containerPortal = 3E5ABB6622674541007419CC /* Antlr4.xcodeproj */;
			proxyType = 2;
			remoteGlobalIDString = "Antlr4::Antlr4::Product";
			remoteInfo = Antlr4;
		};
		3E7743BA2267479D006AA9AF /* PBXContainerItemProxy */ = {
			isa = PBXContainerItemProxy;
			containerPortal = 3E5ABB6622674541007419CC /* Antlr4.xcodeproj */;
			proxyType = 2;
			remoteGlobalIDString = "Antlr4::Antlr4Tests::Product";
			remoteInfo = Antlr4Tests;
		};
		3E7743BC226747DE006AA9AF /* PBXContainerItemProxy */ = {
			isa = PBXContainerItemProxy;
			containerPortal = 3E5ABB6622674541007419CC /* Antlr4.xcodeproj */;
			proxyType = 1;
			remoteGlobalIDString = "Antlr4::Antlr4";
			remoteInfo = Antlr4;
		};
		3EFABA57226737790029EACC /* PBXContainerItemProxy */ = {
			isa = PBXContainerItemProxy;
			containerPortal = 3EFABA3A226737760029EACC /* Project object */;
			proxyType = 1;
			remoteGlobalIDString = 3EFABA41226737760029EACC;
			remoteInfo = "MODL-Swift";
		};
/* End PBXContainerItemProxy section */

/* Begin PBXFileReference section */
		04D4DD2FDF4AF497503C6E33 /* Pods_MODL_SwiftTests.framework */ = {isa = PBXFileReference; explicitFileType = wrapper.framework; includeInIndex = 0; path = Pods_MODL_SwiftTests.framework; sourceTree = BUILT_PRODUCTS_DIR; };
		3E3896D322830D62005533B9 /* conditional.json */ = {isa = PBXFileReference; fileEncoding = 4; lastKnownFileType = text.json; path = conditional.json; sourceTree = "<group>"; };
		3E3896D422830D62005533B9 /* misc.json */ = {isa = PBXFileReference; fileEncoding = 4; lastKnownFileType = text.json; path = misc.json; sourceTree = "<group>"; };
		3E3896D522830D62005533B9 /* replacement.json */ = {isa = PBXFileReference; fileEncoding = 4; lastKnownFileType = text.json; path = replacement.json; sourceTree = "<group>"; };
		3E3896D622830D62005533B9 /* class.json */ = {isa = PBXFileReference; fileEncoding = 4; lastKnownFileType = text.json; path = class.json; sourceTree = "<group>"; };
		3E3896D722830D62005533B9 /* methods.json */ = {isa = PBXFileReference; fileEncoding = 4; lastKnownFileType = text.json; path = methods.json; sourceTree = "<group>"; };
		3E3896D822830D62005533B9 /* basic.json */ = {isa = PBXFileReference; fileEncoding = 4; lastKnownFileType = text.json; path = basic.json; sourceTree = "<group>"; };
		3E3896E02289BECD005533B9 /* StringTransformer.swift */ = {isa = PBXFileReference; lastKnownFileType = sourcecode.swift; name = StringTransformer.swift; path = ../../StringTransformer.swift; sourceTree = "<group>"; };
		3E3896E7228C1B39005533B9 /* ModlObjectReferenceManager.swift */ = {isa = PBXFileReference; lastKnownFileType = sourcecode.swift; path = ModlObjectReferenceManager.swift; sourceTree = "<group>"; };
		3E3C29A02296BD45007D555C /* StringExtensions.swift */ = {isa = PBXFileReference; lastKnownFileType = sourcecode.swift; path = StringExtensions.swift; sourceTree = "<group>"; };
		3E5ABB6422674513007419CC /* ModlListener.swift */ = {isa = PBXFileReference; lastKnownFileType = sourcecode.swift; path = ModlListener.swift; sourceTree = "<group>"; };
		3E5ABB6622674541007419CC /* Antlr4.xcodeproj */ = {isa = PBXFileReference; lastKnownFileType = "wrapper.pb-project"; name = Antlr4.xcodeproj; path = ../antlr/Antlr4.xcodeproj; sourceTree = "<group>"; };
		3E5ABB712267459E007419CC /* ModlParser.swift */ = {isa = PBXFileReference; lastKnownFileType = sourcecode.swift; path = ModlParser.swift; sourceTree = "<group>"; };
		3E5ABB7D226745FB007419CC /* ModlListenerObject.swift */ = {isa = PBXFileReference; lastKnownFileType = sourcecode.swift; path = ModlListenerObject.swift; sourceTree = "<group>"; };
		3E63153222816FCD008BDC14 /* 3.modl */ = {isa = PBXFileReference; fileEncoding = 4; lastKnownFileType = text; path = 3.modl; sourceTree = "<group>"; };
		3E63153322816FCD008BDC14 /* 2.modl */ = {isa = PBXFileReference; fileEncoding = 4; lastKnownFileType = text; path = 2.modl; sourceTree = "<group>"; };
		3E63153522816FCD008BDC14 /* test_import.txt */ = {isa = PBXFileReference; fileEncoding = 4; lastKnownFileType = text; path = test_import.txt; sourceTree = "<group>"; };
		3E63153622816FCD008BDC14 /* b.modl */ = {isa = PBXFileReference; fileEncoding = 4; lastKnownFileType = text; path = b.modl; sourceTree = "<group>"; };
		3E63153722816FCD008BDC14 /* c.modl */ = {isa = PBXFileReference; fileEncoding = 4; lastKnownFileType = text; path = c.modl; sourceTree = "<group>"; };
		3E63153822816FCD008BDC14 /* import_config.modl */ = {isa = PBXFileReference; fileEncoding = 4; lastKnownFileType = text; path = import_config.modl; sourceTree = "<group>"; };
		3E63153922816FCD008BDC14 /* a.modl */ = {isa = PBXFileReference; fileEncoding = 4; lastKnownFileType = text; path = a.modl; sourceTree = "<group>"; };
		3E63153A22816FCD008BDC14 /* demo_config.modl */ = {isa = PBXFileReference; fileEncoding = 4; lastKnownFileType = text; path = demo_config.modl; sourceTree = "<group>"; };
		3E63153B22816FCD008BDC14 /* base_tests.json */ = {isa = PBXFileReference; fileEncoding = 4; lastKnownFileType = text.json; path = base_tests.json; sourceTree = "<group>"; };
		3E63153C22816FCD008BDC14 /* error_tests.json */ = {isa = PBXFileReference; fileEncoding = 4; lastKnownFileType = text.json; path = error_tests.json; sourceTree = "<group>"; };
		3E63153D22816FCD008BDC14 /* 1.modl */ = {isa = PBXFileReference; fileEncoding = 4; lastKnownFileType = text; path = 1.modl; sourceTree = "<group>"; };
		3E63155822819F31008BDC14 /* BasicTests.swift */ = {isa = PBXFileReference; lastKnownFileType = sourcecode.swift; path = BasicTests.swift; sourceTree = "<group>"; };
		3E63155A22819F62008BDC14 /* MODLTest.swift */ = {isa = PBXFileReference; lastKnownFileType = sourcecode.swift; path = MODLTest.swift; sourceTree = "<group>"; };
		3E6315692282D980008BDC14 /* LongInputTests.swift */ = {isa = PBXFileReference; lastKnownFileType = sourcecode.swift; path = LongInputTests.swift; sourceTree = "<group>"; };
		3E63157022847E04008BDC14 /* AdvancedTests.swift */ = {isa = PBXFileReference; lastKnownFileType = sourcecode.swift; path = AdvancedTests.swift; sourceTree = "<group>"; };
		3E6315752284875F008BDC14 /* ModlClassManager.swift */ = {isa = PBXFileReference; lastKnownFileType = sourcecode.swift; path = ModlClassManager.swift; sourceTree = "<group>"; };
		3E6315782285C59B008BDC14 /* ModlObjectCreator.swift */ = {isa = PBXFileReference; lastKnownFileType = sourcecode.swift; path = ModlObjectCreator.swift; sourceTree = "<group>"; };
		3E63157B2285C639008BDC14 /* ModlOutputObject.swift */ = {isa = PBXFileReference; lastKnownFileType = sourcecode.swift; path = ModlOutputObject.swift; sourceTree = "<group>"; };
		3E63157D2285D8DB008BDC14 /* ModlObjectProtocols.swift */ = {isa = PBXFileReference; lastKnownFileType = sourcecode.swift; path = ModlObjectProtocols.swift; sourceTree = "<group>"; };
		3E7743C022674865006AA9AF /* MODLParser.interp */ = {isa = PBXFileReference; fileEncoding = 4; lastKnownFileType = text; path = MODLParser.interp; sourceTree = "<group>"; };
		3E7743C122674865006AA9AF /* MODLParserListener.swift */ = {isa = PBXFileReference; fileEncoding = 4; lastKnownFileType = sourcecode.swift; path = MODLParserListener.swift; sourceTree = "<group>"; };
		3E7743C222674865006AA9AF /* MODLLexerATN.swift */ = {isa = PBXFileReference; fileEncoding = 4; lastKnownFileType = sourcecode.swift; path = MODLLexerATN.swift; sourceTree = "<group>"; };
		3E7743C322674865006AA9AF /* MODLParser.swift */ = {isa = PBXFileReference; fileEncoding = 4; lastKnownFileType = sourcecode.swift; path = MODLParser.swift; sourceTree = "<group>"; };
		3E7743C422674865006AA9AF /* MODLParserBaseListener.swift */ = {isa = PBXFileReference; fileEncoding = 4; lastKnownFileType = sourcecode.swift; path = MODLParserBaseListener.swift; sourceTree = "<group>"; };
		3E7743C522674865006AA9AF /* MODLLexer.swift */ = {isa = PBXFileReference; fileEncoding = 4; lastKnownFileType = sourcecode.swift; path = MODLLexer.swift; sourceTree = "<group>"; };
		3E7743C622674865006AA9AF /* MODLLexer.interp */ = {isa = PBXFileReference; fileEncoding = 4; lastKnownFileType = text; path = MODLLexer.interp; sourceTree = "<group>"; };
		3E7743C722674865006AA9AF /* MODLLexer.tokens */ = {isa = PBXFileReference; fileEncoding = 4; lastKnownFileType = text; path = MODLLexer.tokens; sourceTree = "<group>"; };
		3E7743C822674865006AA9AF /* MODLParser.tokens */ = {isa = PBXFileReference; fileEncoding = 4; lastKnownFileType = text; path = MODLParser.tokens; sourceTree = "<group>"; };
		3E7743C922674865006AA9AF /* MODLParserParserATN.swift */ = {isa = PBXFileReference; fileEncoding = 4; lastKnownFileType = sourcecode.swift; path = MODLParserParserATN.swift; sourceTree = "<group>"; };
		3E7743D522674ABE006AA9AF /* DemoOptionsViewController.swift */ = {isa = PBXFileReference; lastKnownFileType = sourcecode.swift; path = DemoOptionsViewController.swift; sourceTree = "<group>"; };
		3E7743D822674AE3006AA9AF /* DNSTestViewController.swift */ = {isa = PBXFileReference; lastKnownFileType = sourcecode.swift; path = DNSTestViewController.swift; sourceTree = "<group>"; };
		3E7743DA22674AEC006AA9AF /* ParseTestViewController.swift */ = {isa = PBXFileReference; lastKnownFileType = sourcecode.swift; path = ParseTestViewController.swift; sourceTree = "<group>"; };
		3E7743DD22675E59006AA9AF /* DNSTxtRecord.swift */ = {isa = PBXFileReference; lastKnownFileType = sourcecode.swift; path = DNSTxtRecord.swift; sourceTree = "<group>"; };
		3E7B4AA9228ADC9900C54CCF /* StringEscapeReplacer.swift */ = {isa = PBXFileReference; lastKnownFileType = sourcecode.swift; path = StringEscapeReplacer.swift; sourceTree = "<group>"; };
		3EFABA42226737760029EACC /* MODL-Swift.app */ = {isa = PBXFileReference; explicitFileType = wrapper.application; includeInIndex = 0; path = "MODL-Swift.app"; sourceTree = BUILT_PRODUCTS_DIR; };
		3EFABA45226737760029EACC /* AppDelegate.swift */ = {isa = PBXFileReference; lastKnownFileType = sourcecode.swift; path = AppDelegate.swift; sourceTree = "<group>"; };
		3EFABA4A226737760029EACC /* Base */ = {isa = PBXFileReference; lastKnownFileType = file.storyboard; name = Base; path = Base.lproj/Main.storyboard; sourceTree = "<group>"; };
		3EFABA4C226737790029EACC /* Assets.xcassets */ = {isa = PBXFileReference; lastKnownFileType = folder.assetcatalog; path = Assets.xcassets; sourceTree = "<group>"; };
		3EFABA4F226737790029EACC /* Base */ = {isa = PBXFileReference; lastKnownFileType = file.storyboard; name = Base; path = Base.lproj/LaunchScreen.storyboard; sourceTree = "<group>"; };
		3EFABA51226737790029EACC /* Info.plist */ = {isa = PBXFileReference; lastKnownFileType = text.plist.xml; path = Info.plist; sourceTree = "<group>"; };
		3EFABA56226737790029EACC /* MODL-SwiftTests.xctest */ = {isa = PBXFileReference; explicitFileType = wrapper.cfbundle; includeInIndex = 0; path = "MODL-SwiftTests.xctest"; sourceTree = BUILT_PRODUCTS_DIR; };
		3EFABA5A226737790029EACC /* MODL_SwiftTests.swift */ = {isa = PBXFileReference; lastKnownFileType = sourcecode.swift; path = MODL_SwiftTests.swift; sourceTree = "<group>"; };
		3EFABA5C226737790029EACC /* Info.plist */ = {isa = PBXFileReference; lastKnownFileType = text.plist.xml; path = Info.plist; sourceTree = "<group>"; };
		43A4339DD77837A61B86F756 /* Pods-MODL-SwiftTests.debug.xcconfig */ = {isa = PBXFileReference; includeInIndex = 1; lastKnownFileType = text.xcconfig; name = "Pods-MODL-SwiftTests.debug.xcconfig"; path = "Target Support Files/Pods-MODL-SwiftTests/Pods-MODL-SwiftTests.debug.xcconfig"; sourceTree = "<group>"; };
		4DCA2BE4D1499562444B7B47 /* Pods-MODL-Swift.debug.xcconfig */ = {isa = PBXFileReference; includeInIndex = 1; lastKnownFileType = text.xcconfig; name = "Pods-MODL-Swift.debug.xcconfig"; path = "Target Support Files/Pods-MODL-Swift/Pods-MODL-Swift.debug.xcconfig"; sourceTree = "<group>"; };
		733C4A095A80AFA930FB4CC9 /* Pods-MODL-Swift.release.xcconfig */ = {isa = PBXFileReference; includeInIndex = 1; lastKnownFileType = text.xcconfig; name = "Pods-MODL-Swift.release.xcconfig"; path = "Target Support Files/Pods-MODL-Swift/Pods-MODL-Swift.release.xcconfig"; sourceTree = "<group>"; };
		94805F7E7C80A9E07B41A6E1 /* Pods-MODL-SwiftTests.release.xcconfig */ = {isa = PBXFileReference; includeInIndex = 1; lastKnownFileType = text.xcconfig; name = "Pods-MODL-SwiftTests.release.xcconfig"; path = "Target Support Files/Pods-MODL-SwiftTests/Pods-MODL-SwiftTests.release.xcconfig"; sourceTree = "<group>"; };
		BFE9756048106A33F1DBDA8C /* Pods_MODL_Swift.framework */ = {isa = PBXFileReference; explicitFileType = wrapper.framework; includeInIndex = 0; path = Pods_MODL_Swift.framework; sourceTree = BUILT_PRODUCTS_DIR; };
/* End PBXFileReference section */

/* Begin PBXFrameworksBuildPhase section */
		3EFABA3F226737760029EACC /* Frameworks */ = {
			isa = PBXFrameworksBuildPhase;
			buildActionMask = 2147483647;
			files = (
				3E7743BE226747E1006AA9AF /* Antlr4.framework in Frameworks */,
				E1D6E32A157521B107ABF38C /* Pods_MODL_Swift.framework in Frameworks */,
			);
			runOnlyForDeploymentPostprocessing = 0;
		};
		3EFABA53226737790029EACC /* Frameworks */ = {
			isa = PBXFrameworksBuildPhase;
			buildActionMask = 2147483647;
			files = (
				F851FCC8F27F93DCD6D6980B /* Pods_MODL_SwiftTests.framework in Frameworks */,
			);
			runOnlyForDeploymentPostprocessing = 0;
		};
/* End PBXFrameworksBuildPhase section */

/* Begin PBXGroup section */
		3E00995E226746EC0042D518 /* Frameworks */ = {
			isa = PBXGroup;
			children = (
				BFE9756048106A33F1DBDA8C /* Pods_MODL_Swift.framework */,
				04D4DD2FDF4AF497503C6E33 /* Pods_MODL_SwiftTests.framework */,
			);
			name = Frameworks;
			sourceTree = "<group>";
		};
		3E3896D222830D62005533B9 /* old */ = {
			isa = PBXGroup;
			children = (
				3E3896D322830D62005533B9 /* conditional.json */,
				3E3896D422830D62005533B9 /* misc.json */,
				3E3896D522830D62005533B9 /* replacement.json */,
				3E3896D622830D62005533B9 /* class.json */,
				3E3896D722830D62005533B9 /* methods.json */,
				3E3896D822830D62005533B9 /* basic.json */,
			);
			path = old;
			sourceTree = "<group>";
		};
		3E3C29A52296BDAC007D555C /* Extensions */ = {
			isa = PBXGroup;
			children = (
				3E3C29A02296BD45007D555C /* StringExtensions.swift */,
			);
			path = Extensions;
			sourceTree = "<group>";
		};
		3E5ABB612267402A007419CC /* MODL */ = {
			isa = PBXGroup;
			children = (
				3E7743BF22674829006AA9AF /* grammar */,
				3E5ABB712267459E007419CC /* ModlParser.swift */,
				3E63157D2285D8DB008BDC14 /* ModlObjectProtocols.swift */,
				3E3C29A52296BDAC007D555C /* Extensions */,
				3E7B4AA6228AD4BD00C54CCF /* Listener */,
				3E7B4AA7228AD4CB00C54CCF /* Interpreter */,
			);
			path = MODL;
			sourceTree = "<group>";
		};
		3E63153122816FCD008BDC14 /* jsonTests */ = {
			isa = PBXGroup;
			children = (
				3E63153222816FCD008BDC14 /* 3.modl */,
				3E63153322816FCD008BDC14 /* 2.modl */,
				3E63153422816FCD008BDC14 /* test_import_dir */,
				3E63153622816FCD008BDC14 /* b.modl */,
				3E63153722816FCD008BDC14 /* c.modl */,
				3E63153822816FCD008BDC14 /* import_config.modl */,
				3E63153922816FCD008BDC14 /* a.modl */,
				3E3896D222830D62005533B9 /* old */,
				3E63153A22816FCD008BDC14 /* demo_config.modl */,
				3E63153B22816FCD008BDC14 /* base_tests.json */,
				3E63153C22816FCD008BDC14 /* error_tests.json */,
				3E63153D22816FCD008BDC14 /* 1.modl */,
			);
			path = jsonTests;
			sourceTree = "<group>";
		};
		3E63153422816FCD008BDC14 /* test_import_dir */ = {
			isa = PBXGroup;
			children = (
				3E63153522816FCD008BDC14 /* test_import.txt */,
			);
			path = test_import_dir;
			sourceTree = "<group>";
		};
		3E63156C22842AEE008BDC14 /* Models */ = {
			isa = PBXGroup;
			children = (
				3E63155A22819F62008BDC14 /* MODLTest.swift */,
			);
			path = Models;
			sourceTree = "<group>";
		};
		3E7743B22267479D006AA9AF /* Products */ = {
			isa = PBXGroup;
			children = (
				3E7743B92267479D006AA9AF /* Antlr4.framework */,
				3E7743BB2267479D006AA9AF /* Antlr4Tests.xctest */,
			);
			name = Products;
			sourceTree = "<group>";
		};
		3E7743BF22674829006AA9AF /* grammar */ = {
			isa = PBXGroup;
			children = (
				3E7743C622674865006AA9AF /* MODLLexer.interp */,
				3E7743C522674865006AA9AF /* MODLLexer.swift */,
				3E7743C722674865006AA9AF /* MODLLexer.tokens */,
				3E7743C222674865006AA9AF /* MODLLexerATN.swift */,
				3E7743C022674865006AA9AF /* MODLParser.interp */,
				3E7743C322674865006AA9AF /* MODLParser.swift */,
				3E7743C822674865006AA9AF /* MODLParser.tokens */,
				3E7743C422674865006AA9AF /* MODLParserBaseListener.swift */,
				3E7743C122674865006AA9AF /* MODLParserListener.swift */,
				3E7743C922674865006AA9AF /* MODLParserParserATN.swift */,
			);
			path = grammar;
			sourceTree = "<group>";
		};
		3E7743D722674AC3006AA9AF /* ViewControllers */ = {
			isa = PBXGroup;
			children = (
				3E7743D522674ABE006AA9AF /* DemoOptionsViewController.swift */,
				3E7743D822674AE3006AA9AF /* DNSTestViewController.swift */,
				3E7743DA22674AEC006AA9AF /* ParseTestViewController.swift */,
			);
			path = ViewControllers;
			sourceTree = "<group>";
		};
		3E7743DC22675E1C006AA9AF /* DNS */ = {
			isa = PBXGroup;
			children = (
				3E7743DD22675E59006AA9AF /* DNSTxtRecord.swift */,
			);
			path = DNS;
			sourceTree = "<group>";
		};
		3E7B4AA6228AD4BD00C54CCF /* Listener */ = {
			isa = PBXGroup;
			children = (
				3E5ABB6422674513007419CC /* ModlListener.swift */,
				3E5ABB7D226745FB007419CC /* ModlListenerObject.swift */,
			);
			path = Listener;
			sourceTree = "<group>";
		};
		3E7B4AA7228AD4CB00C54CCF /* Interpreter */ = {
			isa = PBXGroup;
			children = (
				3E7B4AA8228ADC8500C54CCF /* StringTranformation */,
				3E6315782285C59B008BDC14 /* ModlObjectCreator.swift */,
				3E63157B2285C639008BDC14 /* ModlOutputObject.swift */,
				3E6315752284875F008BDC14 /* ModlClassManager.swift */,
				3E3896E7228C1B39005533B9 /* ModlObjectReferenceManager.swift */,
			);
			path = Interpreter;
			sourceTree = "<group>";
		};
		3E7B4AA8228ADC8500C54CCF /* StringTranformation */ = {
			isa = PBXGroup;
			children = (
				3E3896E02289BECD005533B9 /* StringTransformer.swift */,
				3E7B4AA9228ADC9900C54CCF /* StringEscapeReplacer.swift */,
			);
			path = StringTranformation;
			sourceTree = "<group>";
		};
		3EFABA39226737760029EACC = {
			isa = PBXGroup;
			children = (
				3EFABA44226737760029EACC /* MODL-Swift */,
				3EFABA59226737790029EACC /* MODL-SwiftTests */,
				3EFABA43226737760029EACC /* Products */,
				3E00995E226746EC0042D518 /* Frameworks */,
				9E463A30F4282472954996FE /* Pods */,
			);
			sourceTree = "<group>";
		};
		3EFABA43226737760029EACC /* Products */ = {
			isa = PBXGroup;
			children = (
				3EFABA42226737760029EACC /* MODL-Swift.app */,
				3EFABA56226737790029EACC /* MODL-SwiftTests.xctest */,
			);
			name = Products;
			sourceTree = "<group>";
		};
		3EFABA44226737760029EACC /* MODL-Swift */ = {
			isa = PBXGroup;
			children = (
				3E5ABB6622674541007419CC /* Antlr4.xcodeproj */,
				3EFABA45226737760029EACC /* AppDelegate.swift */,
				3E7743D722674AC3006AA9AF /* ViewControllers */,
				3E5ABB612267402A007419CC /* MODL */,
				3E7743DC22675E1C006AA9AF /* DNS */,
				3EFABA49226737760029EACC /* Main.storyboard */,
				3EFABA4C226737790029EACC /* Assets.xcassets */,
				3EFABA4E226737790029EACC /* LaunchScreen.storyboard */,
				3EFABA51226737790029EACC /* Info.plist */,
			);
			path = "MODL-Swift";
			sourceTree = "<group>";
		};
		3EFABA59226737790029EACC /* MODL-SwiftTests */ = {
			isa = PBXGroup;
			children = (
				3E63156C22842AEE008BDC14 /* Models */,
				3E63153122816FCD008BDC14 /* jsonTests */,
				3EFABA5A226737790029EACC /* MODL_SwiftTests.swift */,
				3E6315692282D980008BDC14 /* LongInputTests.swift */,
				3E63155822819F31008BDC14 /* BasicTests.swift */,
				3E63157022847E04008BDC14 /* AdvancedTests.swift */,
				3EFABA5C226737790029EACC /* Info.plist */,
			);
			path = "MODL-SwiftTests";
			sourceTree = "<group>";
		};
		9E463A30F4282472954996FE /* Pods */ = {
			isa = PBXGroup;
			children = (
				4DCA2BE4D1499562444B7B47 /* Pods-MODL-Swift.debug.xcconfig */,
				733C4A095A80AFA930FB4CC9 /* Pods-MODL-Swift.release.xcconfig */,
				43A4339DD77837A61B86F756 /* Pods-MODL-SwiftTests.debug.xcconfig */,
				94805F7E7C80A9E07B41A6E1 /* Pods-MODL-SwiftTests.release.xcconfig */,
			);
			path = Pods;
			sourceTree = "<group>";
		};
/* End PBXGroup section */

/* Begin PBXNativeTarget section */
		3EFABA41226737760029EACC /* MODL-Swift */ = {
			isa = PBXNativeTarget;
			buildConfigurationList = 3EFABA5F226737790029EACC /* Build configuration list for PBXNativeTarget "MODL-Swift" */;
			buildPhases = (
				0B05892C3877A389053EEE76 /* [CP] Check Pods Manifest.lock */,
				3EFABA3E226737760029EACC /* Sources */,
				3EFABA3F226737760029EACC /* Frameworks */,
				3EFABA40226737760029EACC /* Resources */,
				BA748CC26F99BB6A37B1F8A1 /* [CP] Embed Pods Frameworks */,
			);
			buildRules = (
			);
			dependencies = (
				3E7743BD226747DE006AA9AF /* PBXTargetDependency */,
			);
			name = "MODL-Swift";
			productName = "MODL-Swift";
			productReference = 3EFABA42226737760029EACC /* MODL-Swift.app */;
			productType = "com.apple.product-type.application";
		};
		3EFABA55226737790029EACC /* MODL-SwiftTests */ = {
			isa = PBXNativeTarget;
			buildConfigurationList = 3EFABA62226737790029EACC /* Build configuration list for PBXNativeTarget "MODL-SwiftTests" */;
			buildPhases = (
				93530752BACFF802862CBD0D /* [CP] Check Pods Manifest.lock */,
				3EFABA52226737790029EACC /* Sources */,
				3EFABA53226737790029EACC /* Frameworks */,
				3EFABA54226737790029EACC /* Resources */,
			);
			buildRules = (
			);
			dependencies = (
				3EFABA58226737790029EACC /* PBXTargetDependency */,
			);
			name = "MODL-SwiftTests";
			productName = "MODL-SwiftTests";
			productReference = 3EFABA56226737790029EACC /* MODL-SwiftTests.xctest */;
			productType = "com.apple.product-type.bundle.unit-test";
		};
/* End PBXNativeTarget section */

/* Begin PBXProject section */
		3EFABA3A226737760029EACC /* Project object */ = {
			isa = PBXProject;
			attributes = {
				LastSwiftUpdateCheck = 1020;
				LastUpgradeCheck = 1020;
				ORGANIZATIONNAME = "Touchsoft Ltd";
				TargetAttributes = {
					3EFABA41226737760029EACC = {
						CreatedOnToolsVersion = 10.2;
					};
					3EFABA55226737790029EACC = {
						CreatedOnToolsVersion = 10.2;
						TestTargetID = 3EFABA41226737760029EACC;
					};
				};
			};
			buildConfigurationList = 3EFABA3D226737760029EACC /* Build configuration list for PBXProject "MODL-Swift" */;
			compatibilityVersion = "Xcode 9.3";
			developmentRegion = en;
			hasScannedForEncodings = 0;
			knownRegions = (
				en,
				Base,
			);
			mainGroup = 3EFABA39226737760029EACC;
			productRefGroup = 3EFABA43226737760029EACC /* Products */;
			projectDirPath = "";
			projectReferences = (
				{
					ProductGroup = 3E7743B22267479D006AA9AF /* Products */;
					ProjectRef = 3E5ABB6622674541007419CC /* Antlr4.xcodeproj */;
				},
			);
			projectRoot = "";
			targets = (
				3EFABA41226737760029EACC /* MODL-Swift */,
				3EFABA55226737790029EACC /* MODL-SwiftTests */,
			);
		};
/* End PBXProject section */

/* Begin PBXReferenceProxy section */
		3E7743B92267479D006AA9AF /* Antlr4.framework */ = {
			isa = PBXReferenceProxy;
			fileType = wrapper.framework;
			path = Antlr4.framework;
			remoteRef = 3E7743B82267479D006AA9AF /* PBXContainerItemProxy */;
			sourceTree = BUILT_PRODUCTS_DIR;
		};
		3E7743BB2267479D006AA9AF /* Antlr4Tests.xctest */ = {
			isa = PBXReferenceProxy;
			fileType = file;
			path = Antlr4Tests.xctest;
			remoteRef = 3E7743BA2267479D006AA9AF /* PBXContainerItemProxy */;
			sourceTree = BUILT_PRODUCTS_DIR;
		};
/* End PBXReferenceProxy section */

/* Begin PBXResourcesBuildPhase section */
		3EFABA40226737760029EACC /* Resources */ = {
			isa = PBXResourcesBuildPhase;
			buildActionMask = 2147483647;
			files = (
				3EFABA50226737790029EACC /* LaunchScreen.storyboard in Resources */,
				3E7743D222674865006AA9AF /* MODLParser.tokens in Resources */,
				3EFABA4D226737790029EACC /* Assets.xcassets in Resources */,
				3E7743D022674865006AA9AF /* MODLLexer.interp in Resources */,
				3E7743CA22674865006AA9AF /* MODLParser.interp in Resources */,
				3E7743D122674865006AA9AF /* MODLLexer.tokens in Resources */,
				3EFABA4B226737760029EACC /* Main.storyboard in Resources */,
			);
			runOnlyForDeploymentPostprocessing = 0;
		};
		3EFABA54226737790029EACC /* Resources */ = {
			isa = PBXResourcesBuildPhase;
			buildActionMask = 2147483647;
			files = (
				3E63154522816FCD008BDC14 /* c.modl in Resources */,
				3E63154722816FCD008BDC14 /* a.modl in Resources */,
				3E3896DC22830D63005533B9 /* class.json in Resources */,
				3E63154322816FCD008BDC14 /* test_import.txt in Resources */,
				3E63154922816FCD008BDC14 /* base_tests.json in Resources */,
				3E63154622816FCD008BDC14 /* import_config.modl in Resources */,
				3E63154822816FCD008BDC14 /* demo_config.modl in Resources */,
				3E63154A22816FCD008BDC14 /* error_tests.json in Resources */,
				3E63154222816FCD008BDC14 /* 2.modl in Resources */,
				3E3896DD22830D63005533B9 /* methods.json in Resources */,
				3E3896DB22830D63005533B9 /* replacement.json in Resources */,
				3E3896D922830D63005533B9 /* conditional.json in Resources */,
				3E63154422816FCD008BDC14 /* b.modl in Resources */,
				3E3896DA22830D63005533B9 /* misc.json in Resources */,
				3E63154122816FCD008BDC14 /* 3.modl in Resources */,
				3E63154B22816FCD008BDC14 /* 1.modl in Resources */,
				3E3896DE22830D63005533B9 /* basic.json in Resources */,
			);
			runOnlyForDeploymentPostprocessing = 0;
		};
/* End PBXResourcesBuildPhase section */

/* Begin PBXShellScriptBuildPhase section */
		0B05892C3877A389053EEE76 /* [CP] Check Pods Manifest.lock */ = {
			isa = PBXShellScriptBuildPhase;
			buildActionMask = 2147483647;
			files = (
			);
			inputFileListPaths = (
			);
			inputPaths = (
				"${PODS_PODFILE_DIR_PATH}/Podfile.lock",
				"${PODS_ROOT}/Manifest.lock",
			);
			name = "[CP] Check Pods Manifest.lock";
			outputFileListPaths = (
			);
			outputPaths = (
				"$(DERIVED_FILE_DIR)/Pods-MODL-Swift-checkManifestLockResult.txt",
			);
			runOnlyForDeploymentPostprocessing = 0;
			shellPath = /bin/sh;
			shellScript = "diff \"${PODS_PODFILE_DIR_PATH}/Podfile.lock\" \"${PODS_ROOT}/Manifest.lock\" > /dev/null\nif [ $? != 0 ] ; then\n    # print error to STDERR\n    echo \"error: The sandbox is not in sync with the Podfile.lock. Run 'pod install' or update your CocoaPods installation.\" >&2\n    exit 1\nfi\n# This output is used by Xcode 'outputs' to avoid re-running this script phase.\necho \"SUCCESS\" > \"${SCRIPT_OUTPUT_FILE_0}\"\n";
			showEnvVarsInLog = 0;
		};
		93530752BACFF802862CBD0D /* [CP] Check Pods Manifest.lock */ = {
			isa = PBXShellScriptBuildPhase;
			buildActionMask = 2147483647;
			files = (
			);
			inputFileListPaths = (
			);
			inputPaths = (
				"${PODS_PODFILE_DIR_PATH}/Podfile.lock",
				"${PODS_ROOT}/Manifest.lock",
			);
			name = "[CP] Check Pods Manifest.lock";
			outputFileListPaths = (
			);
			outputPaths = (
				"$(DERIVED_FILE_DIR)/Pods-MODL-SwiftTests-checkManifestLockResult.txt",
			);
			runOnlyForDeploymentPostprocessing = 0;
			shellPath = /bin/sh;
			shellScript = "diff \"${PODS_PODFILE_DIR_PATH}/Podfile.lock\" \"${PODS_ROOT}/Manifest.lock\" > /dev/null\nif [ $? != 0 ] ; then\n    # print error to STDERR\n    echo \"error: The sandbox is not in sync with the Podfile.lock. Run 'pod install' or update your CocoaPods installation.\" >&2\n    exit 1\nfi\n# This output is used by Xcode 'outputs' to avoid re-running this script phase.\necho \"SUCCESS\" > \"${SCRIPT_OUTPUT_FILE_0}\"\n";
			showEnvVarsInLog = 0;
		};
		BA748CC26F99BB6A37B1F8A1 /* [CP] Embed Pods Frameworks */ = {
			isa = PBXShellScriptBuildPhase;
			buildActionMask = 2147483647;
			files = (
			);
			inputFileListPaths = (
			);
			inputPaths = (
				"${PODS_ROOT}/Target Support Files/Pods-MODL-Swift/Pods-MODL-Swift-frameworks.sh",
				"${BUILT_PRODUCTS_DIR}/Punycode/Punycode.framework",
			);
			name = "[CP] Embed Pods Frameworks";
			outputFileListPaths = (
			);
			outputPaths = (
				"${TARGET_BUILD_DIR}/${FRAMEWORKS_FOLDER_PATH}/Punycode.framework",
			);
			runOnlyForDeploymentPostprocessing = 0;
			shellPath = /bin/sh;
			shellScript = "\"${PODS_ROOT}/Target Support Files/Pods-MODL-Swift/Pods-MODL-Swift-frameworks.sh\"\n";
			showEnvVarsInLog = 0;
		};
/* End PBXShellScriptBuildPhase section */

/* Begin PBXSourcesBuildPhase section */
		3EFABA3E226737760029EACC /* Sources */ = {
			isa = PBXSourcesBuildPhase;
			buildActionMask = 2147483647;
			files = (
				3E7743CC22674865006AA9AF /* MODLLexerATN.swift in Sources */,
				3E7743CB22674865006AA9AF /* MODLParserListener.swift in Sources */,
				3E5ABB722267459E007419CC /* ModlParser.swift in Sources */,
				3E7743DE22675E59006AA9AF /* DNSTxtRecord.swift in Sources */,
				3E63157C2285C639008BDC14 /* ModlOutputObject.swift in Sources */,
				3E7743CE22674865006AA9AF /* MODLParserBaseListener.swift in Sources */,
				3E3C29A12296BD45007D555C /* StringExtensions.swift in Sources */,
				3E3896E12289BECD005533B9 /* StringTransformer.swift in Sources */,
				3E7B4AAA228ADC9900C54CCF /* StringEscapeReplacer.swift in Sources */,
				3E6315792285C59B008BDC14 /* ModlObjectCreator.swift in Sources */,
				3E7743CD22674865006AA9AF /* MODLParser.swift in Sources */,
				3E7743D622674ABE006AA9AF /* DemoOptionsViewController.swift in Sources */,
				3E7743CF22674865006AA9AF /* MODLLexer.swift in Sources */,
				3E5ABB6522674513007419CC /* ModlListener.swift in Sources */,
				3E3896E8228C1B39005533B9 /* ModlObjectReferenceManager.swift in Sources */,
				3E5ABB7E226745FB007419CC /* ModlListenerObject.swift in Sources */,
				3E7743DB22674AEC006AA9AF /* ParseTestViewController.swift in Sources */,
				3E7743D322674865006AA9AF /* MODLParserParserATN.swift in Sources */,
				3E63157E2285D8DB008BDC14 /* ModlObjectProtocols.swift in Sources */,
				3E7743D922674AE3006AA9AF /* DNSTestViewController.swift in Sources */,
				3E6315762284875F008BDC14 /* ModlClassManager.swift in Sources */,
				3EFABA46226737760029EACC /* AppDelegate.swift in Sources */,
			);
			runOnlyForDeploymentPostprocessing = 0;
		};
		3EFABA52226737790029EACC /* Sources */ = {
			isa = PBXSourcesBuildPhase;
			buildActionMask = 2147483647;
			files = (
				3E63157122847E04008BDC14 /* AdvancedTests.swift in Sources */,
				3E63156A2282D980008BDC14 /* LongInputTests.swift in Sources */,
				3E63155B22819F62008BDC14 /* MODLTest.swift in Sources */,
				3E63155922819F31008BDC14 /* BasicTests.swift in Sources */,
				3EFABA5B226737790029EACC /* MODL_SwiftTests.swift in Sources */,
			);
			runOnlyForDeploymentPostprocessing = 0;
		};
/* End PBXSourcesBuildPhase section */

/* Begin PBXTargetDependency section */
		3E7743BD226747DE006AA9AF /* PBXTargetDependency */ = {
			isa = PBXTargetDependency;
			name = Antlr4;
			targetProxy = 3E7743BC226747DE006AA9AF /* PBXContainerItemProxy */;
		};
		3EFABA58226737790029EACC /* PBXTargetDependency */ = {
			isa = PBXTargetDependency;
			target = 3EFABA41226737760029EACC /* MODL-Swift */;
			targetProxy = 3EFABA57226737790029EACC /* PBXContainerItemProxy */;
		};
/* End PBXTargetDependency section */

/* Begin PBXVariantGroup section */
		3EFABA49226737760029EACC /* Main.storyboard */ = {
			isa = PBXVariantGroup;
			children = (
				3EFABA4A226737760029EACC /* Base */,
			);
			name = Main.storyboard;
			sourceTree = "<group>";
		};
		3EFABA4E226737790029EACC /* LaunchScreen.storyboard */ = {
			isa = PBXVariantGroup;
			children = (
				3EFABA4F226737790029EACC /* Base */,
			);
			name = LaunchScreen.storyboard;
			sourceTree = "<group>";
		};
/* End PBXVariantGroup section */

/* Begin XCBuildConfiguration section */
		3EFABA5D226737790029EACC /* Debug */ = {
			isa = XCBuildConfiguration;
			buildSettings = {
				ALWAYS_SEARCH_USER_PATHS = NO;
				CLANG_ANALYZER_NONNULL = YES;
				CLANG_ANALYZER_NUMBER_OBJECT_CONVERSION = YES_AGGRESSIVE;
				CLANG_CXX_LANGUAGE_STANDARD = "gnu++14";
				CLANG_CXX_LIBRARY = "libc++";
				CLANG_ENABLE_MODULES = YES;
				CLANG_ENABLE_OBJC_ARC = YES;
				CLANG_ENABLE_OBJC_WEAK = YES;
				CLANG_WARN_BLOCK_CAPTURE_AUTORELEASING = YES;
				CLANG_WARN_BOOL_CONVERSION = YES;
				CLANG_WARN_COMMA = YES;
				CLANG_WARN_CONSTANT_CONVERSION = YES;
				CLANG_WARN_DEPRECATED_OBJC_IMPLEMENTATIONS = YES;
				CLANG_WARN_DIRECT_OBJC_ISA_USAGE = YES_ERROR;
				CLANG_WARN_DOCUMENTATION_COMMENTS = YES;
				CLANG_WARN_EMPTY_BODY = YES;
				CLANG_WARN_ENUM_CONVERSION = YES;
				CLANG_WARN_INFINITE_RECURSION = YES;
				CLANG_WARN_INT_CONVERSION = YES;
				CLANG_WARN_NON_LITERAL_NULL_CONVERSION = YES;
				CLANG_WARN_OBJC_IMPLICIT_RETAIN_SELF = YES;
				CLANG_WARN_OBJC_LITERAL_CONVERSION = YES;
				CLANG_WARN_OBJC_ROOT_CLASS = YES_ERROR;
				CLANG_WARN_RANGE_LOOP_ANALYSIS = YES;
				CLANG_WARN_STRICT_PROTOTYPES = YES;
				CLANG_WARN_SUSPICIOUS_MOVE = YES;
				CLANG_WARN_UNGUARDED_AVAILABILITY = YES_AGGRESSIVE;
				CLANG_WARN_UNREACHABLE_CODE = YES;
				CLANG_WARN__DUPLICATE_METHOD_MATCH = YES;
				CODE_SIGN_IDENTITY = "iPhone Developer";
				COPY_PHASE_STRIP = NO;
				DEBUG_INFORMATION_FORMAT = dwarf;
				ENABLE_STRICT_OBJC_MSGSEND = YES;
				ENABLE_TESTABILITY = YES;
				GCC_C_LANGUAGE_STANDARD = gnu11;
				GCC_DYNAMIC_NO_PIC = NO;
				GCC_NO_COMMON_BLOCKS = YES;
				GCC_OPTIMIZATION_LEVEL = 0;
				GCC_PREPROCESSOR_DEFINITIONS = (
					"DEBUG=1",
					"$(inherited)",
				);
				GCC_WARN_64_TO_32_BIT_CONVERSION = YES;
				GCC_WARN_ABOUT_RETURN_TYPE = YES_ERROR;
				GCC_WARN_UNDECLARED_SELECTOR = YES;
				GCC_WARN_UNINITIALIZED_AUTOS = YES_AGGRESSIVE;
				GCC_WARN_UNUSED_FUNCTION = YES;
				GCC_WARN_UNUSED_VARIABLE = YES;
				IPHONEOS_DEPLOYMENT_TARGET = 12.2;
				MTL_ENABLE_DEBUG_INFO = INCLUDE_SOURCE;
				MTL_FAST_MATH = YES;
				ONLY_ACTIVE_ARCH = YES;
				SDKROOT = iphoneos;
				SWIFT_ACTIVE_COMPILATION_CONDITIONS = DEBUG;
				SWIFT_OPTIMIZATION_LEVEL = "-Onone";
			};
			name = Debug;
		};
		3EFABA5E226737790029EACC /* Release */ = {
			isa = XCBuildConfiguration;
			buildSettings = {
				ALWAYS_SEARCH_USER_PATHS = NO;
				CLANG_ANALYZER_NONNULL = YES;
				CLANG_ANALYZER_NUMBER_OBJECT_CONVERSION = YES_AGGRESSIVE;
				CLANG_CXX_LANGUAGE_STANDARD = "gnu++14";
				CLANG_CXX_LIBRARY = "libc++";
				CLANG_ENABLE_MODULES = YES;
				CLANG_ENABLE_OBJC_ARC = YES;
				CLANG_ENABLE_OBJC_WEAK = YES;
				CLANG_WARN_BLOCK_CAPTURE_AUTORELEASING = YES;
				CLANG_WARN_BOOL_CONVERSION = YES;
				CLANG_WARN_COMMA = YES;
				CLANG_WARN_CONSTANT_CONVERSION = YES;
				CLANG_WARN_DEPRECATED_OBJC_IMPLEMENTATIONS = YES;
				CLANG_WARN_DIRECT_OBJC_ISA_USAGE = YES_ERROR;
				CLANG_WARN_DOCUMENTATION_COMMENTS = YES;
				CLANG_WARN_EMPTY_BODY = YES;
				CLANG_WARN_ENUM_CONVERSION = YES;
				CLANG_WARN_INFINITE_RECURSION = YES;
				CLANG_WARN_INT_CONVERSION = YES;
				CLANG_WARN_NON_LITERAL_NULL_CONVERSION = YES;
				CLANG_WARN_OBJC_IMPLICIT_RETAIN_SELF = YES;
				CLANG_WARN_OBJC_LITERAL_CONVERSION = YES;
				CLANG_WARN_OBJC_ROOT_CLASS = YES_ERROR;
				CLANG_WARN_RANGE_LOOP_ANALYSIS = YES;
				CLANG_WARN_STRICT_PROTOTYPES = YES;
				CLANG_WARN_SUSPICIOUS_MOVE = YES;
				CLANG_WARN_UNGUARDED_AVAILABILITY = YES_AGGRESSIVE;
				CLANG_WARN_UNREACHABLE_CODE = YES;
				CLANG_WARN__DUPLICATE_METHOD_MATCH = YES;
				CODE_SIGN_IDENTITY = "iPhone Developer";
				COPY_PHASE_STRIP = NO;
				DEBUG_INFORMATION_FORMAT = "dwarf-with-dsym";
				ENABLE_NS_ASSERTIONS = NO;
				ENABLE_STRICT_OBJC_MSGSEND = YES;
				GCC_C_LANGUAGE_STANDARD = gnu11;
				GCC_NO_COMMON_BLOCKS = YES;
				GCC_WARN_64_TO_32_BIT_CONVERSION = YES;
				GCC_WARN_ABOUT_RETURN_TYPE = YES_ERROR;
				GCC_WARN_UNDECLARED_SELECTOR = YES;
				GCC_WARN_UNINITIALIZED_AUTOS = YES_AGGRESSIVE;
				GCC_WARN_UNUSED_FUNCTION = YES;
				GCC_WARN_UNUSED_VARIABLE = YES;
				IPHONEOS_DEPLOYMENT_TARGET = 12.2;
				MTL_ENABLE_DEBUG_INFO = NO;
				MTL_FAST_MATH = YES;
				SDKROOT = iphoneos;
				SWIFT_COMPILATION_MODE = wholemodule;
				SWIFT_OPTIMIZATION_LEVEL = "-O";
				VALIDATE_PRODUCT = YES;
			};
			name = Release;
		};
		3EFABA60226737790029EACC /* Debug */ = {
			isa = XCBuildConfiguration;
			baseConfigurationReference = 4DCA2BE4D1499562444B7B47 /* Pods-MODL-Swift.debug.xcconfig */;
			buildSettings = {
				ASSETCATALOG_COMPILER_APPICON_NAME = AppIcon;
				CODE_SIGN_STYLE = Automatic;
				DEVELOPMENT_TEAM = 75343VFMU9;
				INFOPLIST_FILE = "MODL-Swift/Info.plist";
				LD_RUNPATH_SEARCH_PATHS = (
					"$(inherited)",
					"@executable_path/Frameworks",
				);
				PRODUCT_BUNDLE_IDENTIFIER = "uk.co.njajones.MODL-Swift";
				PRODUCT_NAME = "$(TARGET_NAME)";
				SWIFT_VERSION = 5.0;
				TARGETED_DEVICE_FAMILY = "1,2";
			};
			name = Debug;
		};
		3EFABA61226737790029EACC /* Release */ = {
			isa = XCBuildConfiguration;
			baseConfigurationReference = 733C4A095A80AFA930FB4CC9 /* Pods-MODL-Swift.release.xcconfig */;
			buildSettings = {
				ASSETCATALOG_COMPILER_APPICON_NAME = AppIcon;
				CODE_SIGN_STYLE = Automatic;
				DEVELOPMENT_TEAM = 75343VFMU9;
				INFOPLIST_FILE = "MODL-Swift/Info.plist";
				LD_RUNPATH_SEARCH_PATHS = (
					"$(inherited)",
					"@executable_path/Frameworks",
				);
				PRODUCT_BUNDLE_IDENTIFIER = "uk.co.njajones.MODL-Swift";
				PRODUCT_NAME = "$(TARGET_NAME)";
				SWIFT_VERSION = 5.0;
				TARGETED_DEVICE_FAMILY = "1,2";
			};
			name = Release;
		};
		3EFABA63226737790029EACC /* Debug */ = {
			isa = XCBuildConfiguration;
			baseConfigurationReference = 43A4339DD77837A61B86F756 /* Pods-MODL-SwiftTests.debug.xcconfig */;
			buildSettings = {
				ALWAYS_EMBED_SWIFT_STANDARD_LIBRARIES = YES;
				BUNDLE_LOADER = "$(TEST_HOST)";
				CODE_SIGN_STYLE = Automatic;
				DEVELOPMENT_TEAM = 75343VFMU9;
				INFOPLIST_FILE = "MODL-SwiftTests/Info.plist";
				LD_RUNPATH_SEARCH_PATHS = (
					"$(inherited)",
					"@executable_path/Frameworks",
					"@loader_path/Frameworks",
				);
				PRODUCT_BUNDLE_IDENTIFIER = "uk.co.njajones.MODL-SwiftTests";
				PRODUCT_NAME = "$(TARGET_NAME)";
				SWIFT_VERSION = 5.0;
				TARGETED_DEVICE_FAMILY = "1,2";
				TEST_HOST = "$(BUILT_PRODUCTS_DIR)/MODL-Swift.app/MODL-Swift";
			};
			name = Debug;
		};
		3EFABA64226737790029EACC /* Release */ = {
			isa = XCBuildConfiguration;
			baseConfigurationReference = 94805F7E7C80A9E07B41A6E1 /* Pods-MODL-SwiftTests.release.xcconfig */;
			buildSettings = {
				ALWAYS_EMBED_SWIFT_STANDARD_LIBRARIES = YES;
				BUNDLE_LOADER = "$(TEST_HOST)";
				CODE_SIGN_STYLE = Automatic;
				DEVELOPMENT_TEAM = 75343VFMU9;
				INFOPLIST_FILE = "MODL-SwiftTests/Info.plist";
				LD_RUNPATH_SEARCH_PATHS = (
					"$(inherited)",
					"@executable_path/Frameworks",
					"@loader_path/Frameworks",
				);
				PRODUCT_BUNDLE_IDENTIFIER = "uk.co.njajones.MODL-SwiftTests";
				PRODUCT_NAME = "$(TARGET_NAME)";
				SWIFT_VERSION = 5.0;
				TARGETED_DEVICE_FAMILY = "1,2";
				TEST_HOST = "$(BUILT_PRODUCTS_DIR)/MODL-Swift.app/MODL-Swift";
			};
			name = Release;
		};
/* End XCBuildConfiguration section */

/* Begin XCConfigurationList section */
		3EFABA3D226737760029EACC /* Build configuration list for PBXProject "MODL-Swift" */ = {
			isa = XCConfigurationList;
			buildConfigurations = (
				3EFABA5D226737790029EACC /* Debug */,
				3EFABA5E226737790029EACC /* Release */,
			);
			defaultConfigurationIsVisible = 0;
			defaultConfigurationName = Release;
		};
		3EFABA5F226737790029EACC /* Build configuration list for PBXNativeTarget "MODL-Swift" */ = {
			isa = XCConfigurationList;
			buildConfigurations = (
				3EFABA60226737790029EACC /* Debug */,
				3EFABA61226737790029EACC /* Release */,
			);
			defaultConfigurationIsVisible = 0;
			defaultConfigurationName = Release;
		};
		3EFABA62226737790029EACC /* Build configuration list for PBXNativeTarget "MODL-SwiftTests" */ = {
			isa = XCConfigurationList;
			buildConfigurations = (
				3EFABA63226737790029EACC /* Debug */,
				3EFABA64226737790029EACC /* Release */,
			);
			defaultConfigurationIsVisible = 0;
			defaultConfigurationName = Release;
		};
/* End XCConfigurationList section */
	};
	rootObject = 3EFABA3A226737760029EACC /* Project object */;
}
